PODS:
  - Appirater (1.0.3)
  - Facebook-iOS-SDK (3.5.3)
  - MBProgressHUD (0.7)
  - Parse (1.2.10):
    - Facebook-iOS-SDK (~> 3.5.1)
  - TSMiniWebBrowser (1.0.1)
  - ViewDeck (2.2.9)

DEPENDENCIES:
  - Appirater (= 1.0.3)
  - MBProgressHUD
  - Parse
  - TSMiniWebBrowser
  - ViewDeck

SPEC CHECKSUMS:
  Appirater: 1c146af7b0ef3e2114a17db2e185f94367f63a99
  Facebook-iOS-SDK: c11e851555d8cb8b55853ec2990b01d9e343d09e
  MBProgressHUD: 1fd8591a2216d5dec6de24e09187bb03bcbe9946
  Parse: f678a56974e34a2549c21eabb0dcbad309b270b1
  TSMiniWebBrowser: b0d1e578f250f29615541093564df0c2aebcda07
  ViewDeck: ac3ff2388bcb13e832d7878ccb6e0e320d10a779

COCOAPODS: 0.20.2
