PODS:
  - FlurrySDK (4.2.1)
  - GoogleAnalytics-iOS-SDK (2.0beta4)
  - iRate (1.8)
  - MBProgressHUD (0.7)
  - MGImageUtilities (0.0.1)
  - Mixpanel (2.0.0)
  - ViewDeck (2.2.9)

DEPENDENCIES:
  - FlurrySDK
  - GoogleAnalytics-iOS-SDK (= 2.0beta4)
  - iRate
  - MBProgressHUD
  - MGImageUtilities
  - Mixpanel
  - ViewDeck

SPEC CHECKSUMS:
  FlurrySDK: 9a38bbb195c9f636a40193190ef38fd07e6b76c5
  GoogleAnalytics-iOS-SDK: acf0f1ac4dcac408d17e7766454918b7e9e2b03a
  iRate: f36d1572a2d1f78cc30300e123845f7273bd9f29
  MBProgressHUD: 1fd8591a2216d5dec6de24e09187bb03bcbe9946
  MGImageUtilities: ab3580f2161b10f8a41331baea87aaafbd688950
  Mixpanel: e4af97adb60a10541b7869929a83d734025058a6
  ViewDeck: ac3ff2388bcb13e832d7878ccb6e0e320d10a779

COCOAPODS: 0.25.0
