// !$*UTF8*$!
{
	archiveVersion = 1;
	classes = {
	};
	objectVersion = 46;
	objects = {

/* Begin PBXBuildFile section */
		1F00DA2317886A3B006EF467 /* Icon.png in Resources */ = {isa = PBXBuildFile; fileRef = 1F00DA2217886A3A006EF467 /* Icon.png */; };
		1F00DA2517886A40006EF467 /* Icon@2x.png in Resources */ = {isa = PBXBuildFile; fileRef = 1F00DA2417886A40006EF467 /* Icon@2x.png */; };
		1F0EDC7C1756213B0096D4F1 /* NoteCell.m in Sources */ = {isa = PBXBuildFile; fileRef = 1F0EDC7B1756213B0096D4F1 /* NoteCell.m */; };
		1F1A73A217675AAB00EED3D5 /* sun.png in Resources */ = {isa = PBXBuildFile; fileRef = 1F1A73A017675AAB00EED3D5 /* sun.png */; };
		1F1A73A317675AAB00EED3D5 /* sun@2x.png in Resources */ = {isa = PBXBuildFile; fileRef = 1F1A73A117675AAB00EED3D5 /* sun@2x.png */; };
		1F1A73A617675D9B00EED3D5 /* mountain.png in Resources */ = {isa = PBXBuildFile; fileRef = 1F1A73A417675D9B00EED3D5 /* mountain.png */; };
		1F1A73A717675D9B00EED3D5 /* mountain@2x.png in Resources */ = {isa = PBXBuildFile; fileRef = 1F1A73A517675D9B00EED3D5 /* mountain@2x.png */; };
		1F1A73AE17675EC900EED3D5 /* infinity.png in Resources */ = {isa = PBXBuildFile; fileRef = 1F1A73AA17675EC900EED3D5 /* infinity.png */; };
		1F1A73AF17675EC900EED3D5 /* infinity@2x.png in Resources */ = {isa = PBXBuildFile; fileRef = 1F1A73AB17675EC900EED3D5 /* infinity@2x.png */; };
		1F1EC502175216F80004CD4B /* NoteInfoViewController.m in Sources */ = {isa = PBXBuildFile; fileRef = 1F1EC501175216F80004CD4B /* NoteInfoViewController.m */; };
		1F22235B17266D830034CC80 /* EditProjectViewController.m in Sources */ = {isa = PBXBuildFile; fileRef = 1F22235A17266D830034CC80 /* EditProjectViewController.m */; };
		1F22235F17269B8D0034CC80 /* EditableCell.m in Sources */ = {isa = PBXBuildFile; fileRef = 1F22235E17269B8D0034CC80 /* EditableCell.m */; };
		1F2223651726A93D0034CC80 /* Localizable.strings in Resources */ = {isa = PBXBuildFile; fileRef = 1F2223671726A93D0034CC80 /* Localizable.strings */; };
		1F2223701726AE980034CC80 /* Project+Additions.m in Sources */ = {isa = PBXBuildFile; fileRef = 1F22236F1726AE980034CC80 /* Project+Additions.m */; };
		1F2223721726DE6C0034CC80 /* mza_350428985234134843.png in Resources */ = {isa = PBXBuildFile; fileRef = 1F2223711726DE6C0034CC80 /* mza_350428985234134843.png */; };
		1F28C661176B38A900EEE302 /* inbox_with_background.png in Resources */ = {isa = PBXBuildFile; fileRef = 1F28C65D176B38A900EEE302 /* inbox_with_background.png */; };
		1F28C662176B38A900EEE302 /* inbox_with_background@2x.png in Resources */ = {isa = PBXBuildFile; fileRef = 1F28C65E176B38A900EEE302 /* inbox_with_background@2x.png */; };
		1F28C663176B38A900EEE302 /* inbox.png in Resources */ = {isa = PBXBuildFile; fileRef = 1F28C65F176B38A900EEE302 /* inbox.png */; };
		1F28C664176B38A900EEE302 /* inbox@2x.png in Resources */ = {isa = PBXBuildFile; fileRef = 1F28C660176B38A900EEE302 /* inbox@2x.png */; };
		1F3E36CD17858BF800BF8ED9 /* cross_HUD.png in Resources */ = {isa = PBXBuildFile; fileRef = 1F3E36CB17858BF800BF8ED9 /* cross_HUD.png */; };
		1F3E36CE17858BF800BF8ED9 /* cross_HUD@2x.png in Resources */ = {isa = PBXBuildFile; fileRef = 1F3E36CC17858BF800BF8ED9 /* cross_HUD@2x.png */; };
		1F3F2F5A176753BA007A0606 /* book.png in Resources */ = {isa = PBXBuildFile; fileRef = 1F3F2F2E176753BA007A0606 /* book.png */; };
		1F3F2F5B176753BA007A0606 /* book@2x.png in Resources */ = {isa = PBXBuildFile; fileRef = 1F3F2F2F176753BA007A0606 /* book@2x.png */; };
		1F3F2F5C176753BA007A0606 /* briefcase.png in Resources */ = {isa = PBXBuildFile; fileRef = 1F3F2F30176753BA007A0606 /* briefcase.png */; };
		1F3F2F5D176753BA007A0606 /* briefcase@2x.png in Resources */ = {isa = PBXBuildFile; fileRef = 1F3F2F31176753BA007A0606 /* briefcase@2x.png */; };
		1F3F2F5E176753BA007A0606 /* bulb.png in Resources */ = {isa = PBXBuildFile; fileRef = 1F3F2F32176753BA007A0606 /* bulb.png */; };
		1F3F2F5F176753BA007A0606 /* bulb@2x.png in Resources */ = {isa = PBXBuildFile; fileRef = 1F3F2F33176753BA007A0606 /* bulb@2x.png */; };
		1F3F2F60176753BA007A0606 /* chart.png in Resources */ = {isa = PBXBuildFile; fileRef = 1F3F2F34176753BA007A0606 /* chart.png */; };
		1F3F2F61176753BA007A0606 /* chart@2x.png in Resources */ = {isa = PBXBuildFile; fileRef = 1F3F2F35176753BA007A0606 /* chart@2x.png */; };
		1F3F2F64176753BA007A0606 /* cup.png in Resources */ = {isa = PBXBuildFile; fileRef = 1F3F2F38176753BA007A0606 /* cup.png */; };
		1F3F2F65176753BA007A0606 /* cup@2x.png in Resources */ = {isa = PBXBuildFile; fileRef = 1F3F2F39176753BA007A0606 /* cup@2x.png */; };
		1F3F2F66176753BA007A0606 /* dumbbell.png in Resources */ = {isa = PBXBuildFile; fileRef = 1F3F2F3A176753BA007A0606 /* dumbbell.png */; };
		1F3F2F67176753BA007A0606 /* dumbbell@2x.png in Resources */ = {isa = PBXBuildFile; fileRef = 1F3F2F3B176753BA007A0606 /* dumbbell@2x.png */; };
		1F3F2F68176753BA007A0606 /* exclamation.png in Resources */ = {isa = PBXBuildFile; fileRef = 1F3F2F3C176753BA007A0606 /* exclamation.png */; };
		1F3F2F69176753BA007A0606 /* exclamation@2x.png in Resources */ = {isa = PBXBuildFile; fileRef = 1F3F2F3D176753BA007A0606 /* exclamation@2x.png */; };
		1F3F2F6A176753BA007A0606 /* folder.png in Resources */ = {isa = PBXBuildFile; fileRef = 1F3F2F3E176753BA007A0606 /* folder.png */; };
		1F3F2F6B176753BA007A0606 /* folder@2x.png in Resources */ = {isa = PBXBuildFile; fileRef = 1F3F2F3F176753BA007A0606 /* folder@2x.png */; };
		1F3F2F6C176753BA007A0606 /* gift.png in Resources */ = {isa = PBXBuildFile; fileRef = 1F3F2F40176753BA007A0606 /* gift.png */; };
		1F3F2F6D176753BA007A0606 /* gift@2x.png in Resources */ = {isa = PBXBuildFile; fileRef = 1F3F2F41176753BA007A0606 /* gift@2x.png */; };
		1F3F2F6E176753BA007A0606 /* globe.png in Resources */ = {isa = PBXBuildFile; fileRef = 1F3F2F42176753BA007A0606 /* globe.png */; };
		1F3F2F6F176753BA007A0606 /* globe@2x.png in Resources */ = {isa = PBXBuildFile; fileRef = 1F3F2F43176753BA007A0606 /* globe@2x.png */; };
		1F3F2F70176753BA007A0606 /* heart.png in Resources */ = {isa = PBXBuildFile; fileRef = 1F3F2F44176753BA007A0606 /* heart.png */; };
		1F3F2F71176753BA007A0606 /* heart@2x.png in Resources */ = {isa = PBXBuildFile; fileRef = 1F3F2F45176753BA007A0606 /* heart@2x.png */; };
		1F3F2F72176753BA007A0606 /* home.png in Resources */ = {isa = PBXBuildFile; fileRef = 1F3F2F46176753BA007A0606 /* home.png */; };
		1F3F2F73176753BA007A0606 /* home@2x.png in Resources */ = {isa = PBXBuildFile; fileRef = 1F3F2F47176753BA007A0606 /* home@2x.png */; };
		1F3F2F74176753BA007A0606 /* music.png in Resources */ = {isa = PBXBuildFile; fileRef = 1F3F2F48176753BA007A0606 /* music.png */; };
		1F3F2F75176753BA007A0606 /* music@2x.png in Resources */ = {isa = PBXBuildFile; fileRef = 1F3F2F49176753BA007A0606 /* music@2x.png */; };
		1F3F2F78176753BA007A0606 /* person.png in Resources */ = {isa = PBXBuildFile; fileRef = 1F3F2F4C176753BA007A0606 /* person.png */; };
		1F3F2F79176753BA007A0606 /* person@2x.png in Resources */ = {isa = PBXBuildFile; fileRef = 1F3F2F4D176753BA007A0606 /* person@2x.png */; };
		1F3F2F7A176753BA007A0606 /* plane.png in Resources */ = {isa = PBXBuildFile; fileRef = 1F3F2F4E176753BA007A0606 /* plane.png */; };
		1F3F2F7B176753BA007A0606 /* plane@2x.png in Resources */ = {isa = PBXBuildFile; fileRef = 1F3F2F4F176753BA007A0606 /* plane@2x.png */; };
		1F3F2F7C176753BA007A0606 /* rocket.png in Resources */ = {isa = PBXBuildFile; fileRef = 1F3F2F50176753BA007A0606 /* rocket.png */; };
		1F3F2F7D176753BA007A0606 /* rocket@2x.png in Resources */ = {isa = PBXBuildFile; fileRef = 1F3F2F51176753BA007A0606 /* rocket@2x.png */; };
		1F3F2F7E176753BA007A0606 /* running.png in Resources */ = {isa = PBXBuildFile; fileRef = 1F3F2F52176753BA007A0606 /* running.png */; };
		1F3F2F7F176753BA007A0606 /* running@2x.png in Resources */ = {isa = PBXBuildFile; fileRef = 1F3F2F53176753BA007A0606 /* running@2x.png */; };
		1F3F2F84176753BA007A0606 /* trophy.png in Resources */ = {isa = PBXBuildFile; fileRef = 1F3F2F58176753BA007A0606 /* trophy.png */; };
		1F3F2F85176753BA007A0606 /* trophy@2x.png in Resources */ = {isa = PBXBuildFile; fileRef = 1F3F2F59176753BA007A0606 /* trophy@2x.png */; };
		1F3F2F8817675543007A0606 /* flag.png in Resources */ = {isa = PBXBuildFile; fileRef = 1F3F2F8617675543007A0606 /* flag.png */; };
		1F3F2F8917675543007A0606 /* flag@2x.png in Resources */ = {isa = PBXBuildFile; fileRef = 1F3F2F8717675543007A0606 /* flag@2x.png */; };
		1F3F2F8C1767555A007A0606 /* star.png in Resources */ = {isa = PBXBuildFile; fileRef = 1F3F2F8A1767555A007A0606 /* star.png */; };
		1F3F2F8D1767555A007A0606 /* star@2x.png in Resources */ = {isa = PBXBuildFile; fileRef = 1F3F2F8B1767555A007A0606 /* star@2x.png */; };
		1F3F2F901767574C007A0606 /* people.png in Resources */ = {isa = PBXBuildFile; fileRef = 1F3F2F8E1767574C007A0606 /* people.png */; };
		1F3F2F911767574C007A0606 /* people@2x.png in Resources */ = {isa = PBXBuildFile; fileRef = 1F3F2F8F1767574C007A0606 /* people@2x.png */; };
		1F3F2F94176757B9007A0606 /* skull.png in Resources */ = {isa = PBXBuildFile; fileRef = 1F3F2F92176757B9007A0606 /* skull.png */; };
		1F3F2F95176757B9007A0606 /* skull@2x.png in Resources */ = {isa = PBXBuildFile; fileRef = 1F3F2F93176757B9007A0606 /* skull@2x.png */; };
		1F4734D71763069300D78618 /* IconColors.plist in Resources */ = {isa = PBXBuildFile; fileRef = 1F4734D61763069300D78618 /* IconColors.plist */; };
		1F4734DA17630BE900D78618 /* UIColor+ColorWithHex.m in Sources */ = {isa = PBXBuildFile; fileRef = 1F4734D917630BE900D78618 /* UIColor+ColorWithHex.m */; };
		1F4D237E172B73F600081E94 /* delete_button@2x.png in Resources */ = {isa = PBXBuildFile; fileRef = 1F4D237D172B73F600081E94 /* delete_button@2x.png */; };
		1F4D2380172BCD5600081E94 /* delete_button.png in Resources */ = {isa = PBXBuildFile; fileRef = 1F4D237F172BCD5600081E94 /* delete_button.png */; };
		1F4D2383172BCDA300081E94 /* list@2x.png in Resources */ = {isa = PBXBuildFile; fileRef = 1F4D2381172BCDA300081E94 /* list@2x.png */; };
		1F4D2384172BCDA300081E94 /* list.png in Resources */ = {isa = PBXBuildFile; fileRef = 1F4D2382172BCDA300081E94 /* list.png */; };
		1F5EE42D172F6B6A004EAD94 /* checkbox_checked.png in Resources */ = {isa = PBXBuildFile; fileRef = 1F5EE429172F6B6A004EAD94 /* checkbox_checked.png */; };
		1F5EE42E172F6B6A004EAD94 /* checkbox_checked@2x.png in Resources */ = {isa = PBXBuildFile; fileRef = 1F5EE42A172F6B6A004EAD94 /* checkbox_checked@2x.png */; };
		1F5EE42F172F6B6A004EAD94 /* checkbox_unchecked.png in Resources */ = {isa = PBXBuildFile; fileRef = 1F5EE42B172F6B6A004EAD94 /* checkbox_unchecked.png */; };
		1F5EE430172F6B6A004EAD94 /* checkbox_unchecked@2x.png in Resources */ = {isa = PBXBuildFile; fileRef = 1F5EE42C172F6B6A004EAD94 /* checkbox_unchecked@2x.png */; };
		1F5EE436172F7629004EAD94 /* TaskCell.m in Sources */ = {isa = PBXBuildFile; fileRef = 1F5EE435172F7629004EAD94 /* TaskCell.m */; };
		1F6157BB17813E43004E5F16 /* MKStoreKitConfigs.plist in Resources */ = {isa = PBXBuildFile; fileRef = 1F6157BA17813E43004E5F16 /* MKStoreKitConfigs.plist */; };
		1F85D42A176D9842009C7362 /* MemoCell.m in Sources */ = {isa = PBXBuildFile; fileRef = 1F85D429176D9842009C7362 /* MemoCell.m */; };
		1F8EB517177D9840007E4F58 /* check_HUD.png in Resources */ = {isa = PBXBuildFile; fileRef = 1F8EB515177D9840007E4F58 /* check_HUD.png */; };
		1F8EB518177D9840007E4F58 /* check_HUD@2x.png in Resources */ = {isa = PBXBuildFile; fileRef = 1F8EB516177D9840007E4F58 /* check_HUD@2x.png */; };
		1F911CBB1761E96400CA468A /* SelectIconColorViewController.m in Sources */ = {isa = PBXBuildFile; fileRef = 1F911CBA1761E96400CA468A /* SelectIconColorViewController.m */; };
		1F9435F1177D26B500C4E408 /* UserAccountViewController.m in Sources */ = {isa = PBXBuildFile; fileRef = 1F9435F0177D26B500C4E408 /* UserAccountViewController.m */; };
		1F9435F8177D324900C4E408 /* ChangeEmailViewController.m in Sources */ = {isa = PBXBuildFile; fileRef = 1F9435F7177D324900C4E408 /* ChangeEmailViewController.m */; };
		1F97700E17719FC4004321FF /* Repeat.m in Sources */ = {isa = PBXBuildFile; fileRef = 1F97700D17719FC4004321FF /* Repeat.m */; };
		1F97701117719FD4004321FF /* Task.m in Sources */ = {isa = PBXBuildFile; fileRef = 1F97701017719FD4004321FF /* Task.m */; };
		1F9770171771A102004321FF /* Repeat+Additions.m in Sources */ = {isa = PBXBuildFile; fileRef = 1F9770161771A102004321FF /* Repeat+Additions.m */; };
		1F9A212217696FCD000F5E0C /* IconCell.m in Sources */ = {isa = PBXBuildFile; fileRef = 1F9A212117696FCD000F5E0C /* IconCell.m */; };
		1F9D07311766129300D3BBF9 /* UIImage+Additions.m in Sources */ = {isa = PBXBuildFile; fileRef = 1F9D07301766129300D3BBF9 /* UIImage+Additions.m */; };
		1FA078B9175F7BBC005B594F /* Project.m in Sources */ = {isa = PBXBuildFile; fileRef = 1FA078B8175F7BBC005B594F /* Project.m */; };
		1FA078BC175F7DF5005B594F /* ProjectCell.m in Sources */ = {isa = PBXBuildFile; fileRef = 1FA078BB175F7DF4005B594F /* ProjectCell.m */; };
		1FA48EAE1722416200D1AF30 /* UIKit.framework in Frameworks */ = {isa = PBXBuildFile; fileRef = 1FA48EAD1722416200D1AF30 /* UIKit.framework */; };
		1FA48EB01722416200D1AF30 /* Foundation.framework in Frameworks */ = {isa = PBXBuildFile; fileRef = 1FA48EAF1722416200D1AF30 /* Foundation.framework */; };
		1FA48EB21722416200D1AF30 /* CoreGraphics.framework in Frameworks */ = {isa = PBXBuildFile; fileRef = 1FA48EB11722416200D1AF30 /* CoreGraphics.framework */; };
		1FA48EB41722416200D1AF30 /* CoreData.framework in Frameworks */ = {isa = PBXBuildFile; fileRef = 1FA48EB31722416200D1AF30 /* CoreData.framework */; };
		1FA48EBA1722416200D1AF30 /* InfoPlist.strings in Resources */ = {isa = PBXBuildFile; fileRef = 1FA48EB81722416200D1AF30 /* InfoPlist.strings */; };
		1FA48EBC1722416200D1AF30 /* main.m in Sources */ = {isa = PBXBuildFile; fileRef = 1FA48EBB1722416200D1AF30 /* main.m */; };
		1FA48EC01722416200D1AF30 /* AppDelegate.m in Sources */ = {isa = PBXBuildFile; fileRef = 1FA48EBF1722416200D1AF30 /* AppDelegate.m */; };
		1FA48EC21722416200D1AF30 /* Default.png in Resources */ = {isa = PBXBuildFile; fileRef = 1FA48EC11722416200D1AF30 /* Default.png */; };
		1FA48EC41722416200D1AF30 /* Default@2x.png in Resources */ = {isa = PBXBuildFile; fileRef = 1FA48EC31722416200D1AF30 /* Default@2x.png */; };
		1FA48EC61722416200D1AF30 /* Default-568h@2x.png in Resources */ = {isa = PBXBuildFile; fileRef = 1FA48EC51722416200D1AF30 /* Default-568h@2x.png */; };
		1FA48EC91722416200D1AF30 /* MainStoryboard.storyboard in Resources */ = {isa = PBXBuildFile; fileRef = 1FA48EC71722416200D1AF30 /* MainStoryboard.storyboard */; };
		1FA48ECC1722416200D1AF30 /* AnyPlan.xcdatamodeld in Sources */ = {isa = PBXBuildFile; fileRef = 1FA48ECA1722416200D1AF30 /* AnyPlan.xcdatamodeld */; };
		1FA48EDA1722416300D1AF30 /* SenTestingKit.framework in Frameworks */ = {isa = PBXBuildFile; fileRef = 1FA48ED91722416300D1AF30 /* SenTestingKit.framework */; };
		1FA48EDB1722416300D1AF30 /* UIKit.framework in Frameworks */ = {isa = PBXBuildFile; fileRef = 1FA48EAD1722416200D1AF30 /* UIKit.framework */; };
		1FA48EDC1722416300D1AF30 /* Foundation.framework in Frameworks */ = {isa = PBXBuildFile; fileRef = 1FA48EAF1722416200D1AF30 /* Foundation.framework */; };
		1FA48EDD1722416300D1AF30 /* CoreData.framework in Frameworks */ = {isa = PBXBuildFile; fileRef = 1FA48EB31722416200D1AF30 /* CoreData.framework */; };
		1FA48EE51722416400D1AF30 /* InfoPlist.strings in Resources */ = {isa = PBXBuildFile; fileRef = 1FA48EE31722416400D1AF30 /* InfoPlist.strings */; };
		1FA48EE81722416400D1AF30 /* AnyPlanTests.m in Sources */ = {isa = PBXBuildFile; fileRef = 1FA48EE71722416400D1AF30 /* AnyPlanTests.m */; };
		1FA5EB6617585DBB00025605 /* Note.m in Sources */ = {isa = PBXBuildFile; fileRef = 1FA5EB6517585DBB00025605 /* Note.m */; };
		1FA60AB6173E43BA0037399E /* gear.png in Resources */ = {isa = PBXBuildFile; fileRef = 1FA60AB4173E43BA0037399E /* gear.png */; };
		1FA60AB7173E43BA0037399E /* gear@2x.png in Resources */ = {isa = PBXBuildFile; fileRef = 1FA60AB5173E43BA0037399E /* gear@2x.png */; };
		1FA60ABA173E471C0037399E /* SettingViewController.m in Sources */ = {isa = PBXBuildFile; fileRef = 1FA60AB9173E471C0037399E /* SettingViewController.m */; };
		1FA60ABD173E4AB90037399E /* ManageProjectViewController.m in Sources */ = {isa = PBXBuildFile; fileRef = 1FA60ABC173E4AB90037399E /* ManageProjectViewController.m */; };
		1FA65DEF1729126000CA430E /* EditTaskViewController.m in Sources */ = {isa = PBXBuildFile; fileRef = 1FA65DEE1729126000CA430E /* EditTaskViewController.m */; };
		1FA7445C176445CD00E46469 /* IconShapes.plist in Resources */ = {isa = PBXBuildFile; fileRef = 1FA7445B176445CD00E46469 /* IconShapes.plist */; };
		1FA76D4A172CAF7300EC659C /* NoteListViewController.m in Sources */ = {isa = PBXBuildFile; fileRef = 1FA76D49172CAF7300EC659C /* NoteListViewController.m */; };
		1FA76DA2172D05C000EC659C /* EditNoteViewController.m in Sources */ = {isa = PBXBuildFile; fileRef = 1FA76DA1172D05C000EC659C /* EditNoteViewController.m */; };
		1FA76DA8172D06F100EC659C /* Note+Additions.m in Sources */ = {isa = PBXBuildFile; fileRef = 1FA76DA7172D06F100EC659C /* Note+Additions.m */; };
		1FA76DBE172D4E6B00EC659C /* check.png in Resources */ = {isa = PBXBuildFile; fileRef = 1FA76DBA172D4E6B00EC659C /* check.png */; };
		1FA76DBF172D4E6B00EC659C /* check@2x.png in Resources */ = {isa = PBXBuildFile; fileRef = 1FA76DBB172D4E6B00EC659C /* check@2x.png */; };
		1FA76DC0172D4E6B00EC659C /* note.png in Resources */ = {isa = PBXBuildFile; fileRef = 1FA76DBC172D4E6B00EC659C /* note.png */; };
		1FA76DC1172D4E6B00EC659C /* note@2x.png in Resources */ = {isa = PBXBuildFile; fileRef = 1FA76DBD172D4E6B00EC659C /* note@2x.png */; };
		1FA76DC8172D534C00EC659C /* NavigationBarTitleWithSubtitleView.m in Sources */ = {isa = PBXBuildFile; fileRef = 1FA76DC7172D534C00EC659C /* NavigationBarTitleWithSubtitleView.m */; };
		1FA76DCE172D704600EC659C /* CustomTabBarController.m in Sources */ = {isa = PBXBuildFile; fileRef = 1FA76DCD172D704500EC659C /* CustomTabBarController.m */; };
		1FA76E02177A8F5C0052F191 /* WelcomeViewController.m in Sources */ = {isa = PBXBuildFile; fileRef = 1FA76E01177A8F5C0052F191 /* WelcomeViewController.m */; };
		1FB496A1177BE8BF00934413 /* MySignUpViewController.m in Sources */ = {isa = PBXBuildFile; fileRef = 1FB496A0177BE8BF00934413 /* MySignUpViewController.m */; };
		1FB5923D17807B1B005FD134 /* UpgradeAccountViewController.m in Sources */ = {isa = PBXBuildFile; fileRef = 1FB5923C17807B1B005FD134 /* UpgradeAccountViewController.m */; };
		1FB832DD176077C900F370AE /* SelectIconShapeViewController.m in Sources */ = {isa = PBXBuildFile; fileRef = 1FB832DC176077C900F370AE /* SelectIconShapeViewController.m */; };
		1FBD4CC717277A76003A5D5C /* TaskListViewController.m in Sources */ = {isa = PBXBuildFile; fileRef = 1FBD4CC617277A76003A5D5C /* TaskListViewController.m */; };
		1FC969671749DBC700D84A37 /* SelectProjectViewController.m in Sources */ = {isa = PBXBuildFile; fileRef = 1FC969661749DBC700D84A37 /* SelectProjectViewController.m */; };
		1FD829C2176C345C0080FA18 /* Task+Additions.m in Sources */ = {isa = PBXBuildFile; fileRef = 1FD829C1176C345C0080FA18 /* Task+Additions.m */; };
		1FD829C8176C379B0080FA18 /* EditMemoViewController.m in Sources */ = {isa = PBXBuildFile; fileRef = 1FD829C7176C379B0080FA18 /* EditMemoViewController.m */; };
		1FE3094D172561510063BD50 /* MenuViewController.m in Sources */ = {isa = PBXBuildFile; fileRef = 1FE3094C172561510063BD50 /* MenuViewController.m */; };
		1FE947071747BF4F00FBBA49 /* eye_opened@2x.png in Resources */ = {isa = PBXBuildFile; fileRef = 1FE947051747BF4F00FBBA49 /* eye_opened@2x.png */; };
		1FE947081747BF4F00FBBA49 /* eye_closed@2x.png in Resources */ = {isa = PBXBuildFile; fileRef = 1FE947061747BF4F00FBBA49 /* eye_closed@2x.png */; };
		1FEDFF65177E7E010017C7F9 /* welcome_bg_1@2x.png in Resources */ = {isa = PBXBuildFile; fileRef = 1FEDFF64177E7E010017C7F9 /* welcome_bg_1@2x.png */; };
		3CDE1E50AB5C42919ED57831 /* libPods.a in Frameworks */ = {isa = PBXBuildFile; fileRef = 9077C873054A4505A8F049D1 /* libPods.a */; };
/* End PBXBuildFile section */

/* Begin PBXContainerItemProxy section */
		1FA48EDE1722416400D1AF30 /* PBXContainerItemProxy */ = {
			isa = PBXContainerItemProxy;
			containerPortal = 1FA48EA21722416100D1AF30 /* Project object */;
			proxyType = 1;
			remoteGlobalIDString = 1FA48EA91722416100D1AF30;
			remoteInfo = AnyPlan;
		};
/* End PBXContainerItemProxy section */

/* Begin PBXFileReference section */
		1F00DA2217886A3A006EF467 /* Icon.png */ = {isa = PBXFileReference; lastKnownFileType = image.png; path = Icon.png; sourceTree = "<group>"; };
		1F00DA2417886A40006EF467 /* Icon@2x.png */ = {isa = PBXFileReference; lastKnownFileType = image.png; path = "Icon@2x.png"; sourceTree = "<group>"; };
		1F0EDC7A1756213B0096D4F1 /* NoteCell.h */ = {isa = PBXFileReference; fileEncoding = 4; lastKnownFileType = sourcecode.c.h; path = NoteCell.h; sourceTree = "<group>"; };
		1F0EDC7B1756213B0096D4F1 /* NoteCell.m */ = {isa = PBXFileReference; fileEncoding = 4; lastKnownFileType = sourcecode.c.objc; path = NoteCell.m; sourceTree = "<group>"; };
		1F1A739F176758AA00EED3D5 /* AnyPlan-Prefix.pch */ = {isa = PBXFileReference; fileEncoding = 4; lastKnownFileType = sourcecode.c.h; path = "AnyPlan-Prefix.pch"; sourceTree = "<group>"; };
		1F1A73A017675AAB00EED3D5 /* sun.png */ = {isa = PBXFileReference; lastKnownFileType = image.png; path = sun.png; sourceTree = "<group>"; };
		1F1A73A117675AAB00EED3D5 /* sun@2x.png */ = {isa = PBXFileReference; lastKnownFileType = image.png; path = "sun@2x.png"; sourceTree = "<group>"; };
		1F1A73A417675D9B00EED3D5 /* mountain.png */ = {isa = PBXFileReference; lastKnownFileType = image.png; path = mountain.png; sourceTree = "<group>"; };
		1F1A73A517675D9B00EED3D5 /* mountain@2x.png */ = {isa = PBXFileReference; lastKnownFileType = image.png; path = "mountain@2x.png"; sourceTree = "<group>"; };
		1F1A73AA17675EC900EED3D5 /* infinity.png */ = {isa = PBXFileReference; lastKnownFileType = image.png; path = infinity.png; sourceTree = "<group>"; };
		1F1A73AB17675EC900EED3D5 /* infinity@2x.png */ = {isa = PBXFileReference; lastKnownFileType = image.png; path = "infinity@2x.png"; sourceTree = "<group>"; };
		1F1EC500175216F80004CD4B /* NoteInfoViewController.h */ = {isa = PBXFileReference; fileEncoding = 4; lastKnownFileType = sourcecode.c.h; path = NoteInfoViewController.h; sourceTree = "<group>"; };
		1F1EC501175216F80004CD4B /* NoteInfoViewController.m */ = {isa = PBXFileReference; fileEncoding = 4; lastKnownFileType = sourcecode.c.objc; path = NoteInfoViewController.m; sourceTree = "<group>"; };
		1F22235917266D830034CC80 /* EditProjectViewController.h */ = {isa = PBXFileReference; fileEncoding = 4; lastKnownFileType = sourcecode.c.h; path = EditProjectViewController.h; sourceTree = "<group>"; };
		1F22235A17266D830034CC80 /* EditProjectViewController.m */ = {isa = PBXFileReference; fileEncoding = 4; lastKnownFileType = sourcecode.c.objc; path = EditProjectViewController.m; sourceTree = "<group>"; };
		1F22235D17269B8D0034CC80 /* EditableCell.h */ = {isa = PBXFileReference; fileEncoding = 4; lastKnownFileType = sourcecode.c.h; path = EditableCell.h; sourceTree = "<group>"; };
		1F22235E17269B8D0034CC80 /* EditableCell.m */ = {isa = PBXFileReference; fileEncoding = 4; lastKnownFileType = sourcecode.c.objc; path = EditableCell.m; sourceTree = "<group>"; };
		1F2223641726A91E0034CC80 /* ja */ = {isa = PBXFileReference; lastKnownFileType = text.plist.strings; name = ja; path = ja.lproj/InfoPlist.strings; sourceTree = "<group>"; };
		1F2223681726A9430034CC80 /* en */ = {isa = PBXFileReference; lastKnownFileType = text.plist.strings; name = en; path = en.lproj/Localizable.strings; sourceTree = "<group>"; };
		1F2223691726A96C0034CC80 /* ja */ = {isa = PBXFileReference; lastKnownFileType = text.plist.strings; name = ja; path = ja.lproj/Localizable.strings; sourceTree = "<group>"; };
		1F22236E1726AE980034CC80 /* Project+Additions.h */ = {isa = PBXFileReference; fileEncoding = 4; lastKnownFileType = sourcecode.c.h; path = "Project+Additions.h"; sourceTree = "<group>"; };
		1F22236F1726AE980034CC80 /* Project+Additions.m */ = {isa = PBXFileReference; fileEncoding = 4; lastKnownFileType = sourcecode.c.objc; path = "Project+Additions.m"; sourceTree = "<group>"; };
		1F2223711726DE6C0034CC80 /* mza_350428985234134843.png */ = {isa = PBXFileReference; lastKnownFileType = image.png; name = mza_350428985234134843.png; path = ../mza_350428985234134843.png; sourceTree = "<group>"; };
		1F28C65D176B38A900EEE302 /* inbox_with_background.png */ = {isa = PBXFileReference; lastKnownFileType = image.png; path = inbox_with_background.png; sourceTree = "<group>"; };
		1F28C65E176B38A900EEE302 /* inbox_with_background@2x.png */ = {isa = PBXFileReference; lastKnownFileType = image.png; path = "inbox_with_background@2x.png"; sourceTree = "<group>"; };
		1F28C65F176B38A900EEE302 /* inbox.png */ = {isa = PBXFileReference; lastKnownFileType = image.png; path = inbox.png; sourceTree = "<group>"; };
		1F28C660176B38A900EEE302 /* inbox@2x.png */ = {isa = PBXFileReference; lastKnownFileType = image.png; path = "inbox@2x.png"; sourceTree = "<group>"; };
		1F3E36CB17858BF800BF8ED9 /* cross_HUD.png */ = {isa = PBXFileReference; lastKnownFileType = image.png; path = cross_HUD.png; sourceTree = "<group>"; };
		1F3E36CC17858BF800BF8ED9 /* cross_HUD@2x.png */ = {isa = PBXFileReference; lastKnownFileType = image.png; path = "cross_HUD@2x.png"; sourceTree = "<group>"; };
		1F3F2F2E176753BA007A0606 /* book.png */ = {isa = PBXFileReference; lastKnownFileType = image.png; path = book.png; sourceTree = "<group>"; };
		1F3F2F2F176753BA007A0606 /* book@2x.png */ = {isa = PBXFileReference; lastKnownFileType = image.png; path = "book@2x.png"; sourceTree = "<group>"; };
		1F3F2F30176753BA007A0606 /* briefcase.png */ = {isa = PBXFileReference; lastKnownFileType = image.png; path = briefcase.png; sourceTree = "<group>"; };
		1F3F2F31176753BA007A0606 /* briefcase@2x.png */ = {isa = PBXFileReference; lastKnownFileType = image.png; path = "briefcase@2x.png"; sourceTree = "<group>"; };
		1F3F2F32176753BA007A0606 /* bulb.png */ = {isa = PBXFileReference; lastKnownFileType = image.png; path = bulb.png; sourceTree = "<group>"; };
		1F3F2F33176753BA007A0606 /* bulb@2x.png */ = {isa = PBXFileReference; lastKnownFileType = image.png; path = "bulb@2x.png"; sourceTree = "<group>"; };
		1F3F2F34176753BA007A0606 /* chart.png */ = {isa = PBXFileReference; lastKnownFileType = image.png; path = chart.png; sourceTree = "<group>"; };
		1F3F2F35176753BA007A0606 /* chart@2x.png */ = {isa = PBXFileReference; lastKnownFileType = image.png; path = "chart@2x.png"; sourceTree = "<group>"; };
		1F3F2F38176753BA007A0606 /* cup.png */ = {isa = PBXFileReference; lastKnownFileType = image.png; path = cup.png; sourceTree = "<group>"; };
		1F3F2F39176753BA007A0606 /* cup@2x.png */ = {isa = PBXFileReference; lastKnownFileType = image.png; path = "cup@2x.png"; sourceTree = "<group>"; };
		1F3F2F3A176753BA007A0606 /* dumbbell.png */ = {isa = PBXFileReference; lastKnownFileType = image.png; path = dumbbell.png; sourceTree = "<group>"; };
		1F3F2F3B176753BA007A0606 /* dumbbell@2x.png */ = {isa = PBXFileReference; lastKnownFileType = image.png; path = "dumbbell@2x.png"; sourceTree = "<group>"; };
		1F3F2F3C176753BA007A0606 /* exclamation.png */ = {isa = PBXFileReference; lastKnownFileType = image.png; path = exclamation.png; sourceTree = "<group>"; };
		1F3F2F3D176753BA007A0606 /* exclamation@2x.png */ = {isa = PBXFileReference; lastKnownFileType = image.png; path = "exclamation@2x.png"; sourceTree = "<group>"; };
		1F3F2F3E176753BA007A0606 /* folder.png */ = {isa = PBXFileReference; lastKnownFileType = image.png; path = folder.png; sourceTree = "<group>"; };
		1F3F2F3F176753BA007A0606 /* folder@2x.png */ = {isa = PBXFileReference; lastKnownFileType = image.png; path = "folder@2x.png"; sourceTree = "<group>"; };
		1F3F2F40176753BA007A0606 /* gift.png */ = {isa = PBXFileReference; lastKnownFileType = image.png; path = gift.png; sourceTree = "<group>"; };
		1F3F2F41176753BA007A0606 /* gift@2x.png */ = {isa = PBXFileReference; lastKnownFileType = image.png; path = "gift@2x.png"; sourceTree = "<group>"; };
		1F3F2F42176753BA007A0606 /* globe.png */ = {isa = PBXFileReference; lastKnownFileType = image.png; path = globe.png; sourceTree = "<group>"; };
		1F3F2F43176753BA007A0606 /* globe@2x.png */ = {isa = PBXFileReference; lastKnownFileType = image.png; path = "globe@2x.png"; sourceTree = "<group>"; };
		1F3F2F44176753BA007A0606 /* heart.png */ = {isa = PBXFileReference; lastKnownFileType = image.png; path = heart.png; sourceTree = "<group>"; };
		1F3F2F45176753BA007A0606 /* heart@2x.png */ = {isa = PBXFileReference; lastKnownFileType = image.png; path = "heart@2x.png"; sourceTree = "<group>"; };
		1F3F2F46176753BA007A0606 /* home.png */ = {isa = PBXFileReference; lastKnownFileType = image.png; path = home.png; sourceTree = "<group>"; };
		1F3F2F47176753BA007A0606 /* home@2x.png */ = {isa = PBXFileReference; lastKnownFileType = image.png; path = "home@2x.png"; sourceTree = "<group>"; };
		1F3F2F48176753BA007A0606 /* music.png */ = {isa = PBXFileReference; lastKnownFileType = image.png; path = music.png; sourceTree = "<group>"; };
		1F3F2F49176753BA007A0606 /* music@2x.png */ = {isa = PBXFileReference; lastKnownFileType = image.png; path = "music@2x.png"; sourceTree = "<group>"; };
		1F3F2F4C176753BA007A0606 /* person.png */ = {isa = PBXFileReference; lastKnownFileType = image.png; path = person.png; sourceTree = "<group>"; };
		1F3F2F4D176753BA007A0606 /* person@2x.png */ = {isa = PBXFileReference; lastKnownFileType = image.png; path = "person@2x.png"; sourceTree = "<group>"; };
		1F3F2F4E176753BA007A0606 /* plane.png */ = {isa = PBXFileReference; lastKnownFileType = image.png; path = plane.png; sourceTree = "<group>"; };
		1F3F2F4F176753BA007A0606 /* plane@2x.png */ = {isa = PBXFileReference; lastKnownFileType = image.png; path = "plane@2x.png"; sourceTree = "<group>"; };
		1F3F2F50176753BA007A0606 /* rocket.png */ = {isa = PBXFileReference; lastKnownFileType = image.png; path = rocket.png; sourceTree = "<group>"; };
		1F3F2F51176753BA007A0606 /* rocket@2x.png */ = {isa = PBXFileReference; lastKnownFileType = image.png; path = "rocket@2x.png"; sourceTree = "<group>"; };
		1F3F2F52176753BA007A0606 /* running.png */ = {isa = PBXFileReference; lastKnownFileType = image.png; path = running.png; sourceTree = "<group>"; };
		1F3F2F53176753BA007A0606 /* running@2x.png */ = {isa = PBXFileReference; lastKnownFileType = image.png; path = "running@2x.png"; sourceTree = "<group>"; };
		1F3F2F58176753BA007A0606 /* trophy.png */ = {isa = PBXFileReference; lastKnownFileType = image.png; path = trophy.png; sourceTree = "<group>"; };
		1F3F2F59176753BA007A0606 /* trophy@2x.png */ = {isa = PBXFileReference; lastKnownFileType = image.png; path = "trophy@2x.png"; sourceTree = "<group>"; };
		1F3F2F8617675543007A0606 /* flag.png */ = {isa = PBXFileReference; lastKnownFileType = image.png; path = flag.png; sourceTree = "<group>"; };
		1F3F2F8717675543007A0606 /* flag@2x.png */ = {isa = PBXFileReference; lastKnownFileType = image.png; path = "flag@2x.png"; sourceTree = "<group>"; };
		1F3F2F8A1767555A007A0606 /* star.png */ = {isa = PBXFileReference; lastKnownFileType = image.png; path = star.png; sourceTree = "<group>"; };
		1F3F2F8B1767555A007A0606 /* star@2x.png */ = {isa = PBXFileReference; lastKnownFileType = image.png; path = "star@2x.png"; sourceTree = "<group>"; };
		1F3F2F8E1767574C007A0606 /* people.png */ = {isa = PBXFileReference; lastKnownFileType = image.png; path = people.png; sourceTree = "<group>"; };
		1F3F2F8F1767574C007A0606 /* people@2x.png */ = {isa = PBXFileReference; lastKnownFileType = image.png; path = "people@2x.png"; sourceTree = "<group>"; };
		1F3F2F92176757B9007A0606 /* skull.png */ = {isa = PBXFileReference; lastKnownFileType = image.png; path = skull.png; sourceTree = "<group>"; };
		1F3F2F93176757B9007A0606 /* skull@2x.png */ = {isa = PBXFileReference; lastKnownFileType = image.png; path = "skull@2x.png"; sourceTree = "<group>"; };
		1F4734D61763069300D78618 /* IconColors.plist */ = {isa = PBXFileReference; fileEncoding = 4; lastKnownFileType = text.plist.xml; path = IconColors.plist; sourceTree = "<group>"; };
		1F4734D817630BE900D78618 /* UIColor+ColorWithHex.h */ = {isa = PBXFileReference; fileEncoding = 4; lastKnownFileType = sourcecode.c.h; path = "UIColor+ColorWithHex.h"; sourceTree = "<group>"; };
		1F4734D917630BE900D78618 /* UIColor+ColorWithHex.m */ = {isa = PBXFileReference; fileEncoding = 4; lastKnownFileType = sourcecode.c.objc; path = "UIColor+ColorWithHex.m"; sourceTree = "<group>"; };
		1F4D237D172B73F600081E94 /* delete_button@2x.png */ = {isa = PBXFileReference; lastKnownFileType = image.png; path = "delete_button@2x.png"; sourceTree = "<group>"; };
		1F4D237F172BCD5600081E94 /* delete_button.png */ = {isa = PBXFileReference; lastKnownFileType = image.png; path = delete_button.png; sourceTree = "<group>"; };
		1F4D2381172BCDA300081E94 /* list@2x.png */ = {isa = PBXFileReference; lastKnownFileType = image.png; path = "list@2x.png"; sourceTree = "<group>"; };
		1F4D2382172BCDA300081E94 /* list.png */ = {isa = PBXFileReference; lastKnownFileType = image.png; path = list.png; sourceTree = "<group>"; };
		1F5EE429172F6B6A004EAD94 /* checkbox_checked.png */ = {isa = PBXFileReference; lastKnownFileType = image.png; path = checkbox_checked.png; sourceTree = "<group>"; };
		1F5EE42A172F6B6A004EAD94 /* checkbox_checked@2x.png */ = {isa = PBXFileReference; lastKnownFileType = image.png; path = "checkbox_checked@2x.png"; sourceTree = "<group>"; };
		1F5EE42B172F6B6A004EAD94 /* checkbox_unchecked.png */ = {isa = PBXFileReference; lastKnownFileType = image.png; path = checkbox_unchecked.png; sourceTree = "<group>"; };
		1F5EE42C172F6B6A004EAD94 /* checkbox_unchecked@2x.png */ = {isa = PBXFileReference; lastKnownFileType = image.png; path = "checkbox_unchecked@2x.png"; sourceTree = "<group>"; };
		1F5EE434172F7629004EAD94 /* TaskCell.h */ = {isa = PBXFileReference; fileEncoding = 4; lastKnownFileType = sourcecode.c.h; path = TaskCell.h; sourceTree = "<group>"; };
		1F5EE435172F7629004EAD94 /* TaskCell.m */ = {isa = PBXFileReference; fileEncoding = 4; lastKnownFileType = sourcecode.c.objc; path = TaskCell.m; sourceTree = "<group>"; };
		1F6157BA17813E43004E5F16 /* MKStoreKitConfigs.plist */ = {isa = PBXFileReference; fileEncoding = 4; lastKnownFileType = text.plist.xml; path = MKStoreKitConfigs.plist; sourceTree = "<group>"; };
		1F85D428176D9842009C7362 /* MemoCell.h */ = {isa = PBXFileReference; fileEncoding = 4; lastKnownFileType = sourcecode.c.h; path = MemoCell.h; sourceTree = "<group>"; };
		1F85D429176D9842009C7362 /* MemoCell.m */ = {isa = PBXFileReference; fileEncoding = 4; lastKnownFileType = sourcecode.c.objc; path = MemoCell.m; sourceTree = "<group>"; };
		1F8EB515177D9840007E4F58 /* check_HUD.png */ = {isa = PBXFileReference; lastKnownFileType = image.png; path = check_HUD.png; sourceTree = "<group>"; };
		1F8EB516177D9840007E4F58 /* check_HUD@2x.png */ = {isa = PBXFileReference; lastKnownFileType = image.png; path = "check_HUD@2x.png"; sourceTree = "<group>"; };
		1F911CB91761E96300CA468A /* SelectIconColorViewController.h */ = {isa = PBXFileReference; fileEncoding = 4; lastKnownFileType = sourcecode.c.h; path = SelectIconColorViewController.h; sourceTree = "<group>"; };
		1F911CBA1761E96400CA468A /* SelectIconColorViewController.m */ = {isa = PBXFileReference; fileEncoding = 4; lastKnownFileType = sourcecode.c.objc; path = SelectIconColorViewController.m; sourceTree = "<group>"; };
		1F9435EF177D26B500C4E408 /* UserAccountViewController.h */ = {isa = PBXFileReference; fileEncoding = 4; lastKnownFileType = sourcecode.c.h; path = UserAccountViewController.h; sourceTree = "<group>"; };
		1F9435F0177D26B500C4E408 /* UserAccountViewController.m */ = {isa = PBXFileReference; fileEncoding = 4; lastKnownFileType = sourcecode.c.objc; path = UserAccountViewController.m; sourceTree = "<group>"; };
		1F9435F6177D324900C4E408 /* ChangeEmailViewController.h */ = {isa = PBXFileReference; fileEncoding = 4; lastKnownFileType = sourcecode.c.h; path = ChangeEmailViewController.h; sourceTree = "<group>"; };
		1F9435F7177D324900C4E408 /* ChangeEmailViewController.m */ = {isa = PBXFileReference; fileEncoding = 4; lastKnownFileType = sourcecode.c.objc; path = ChangeEmailViewController.m; sourceTree = "<group>"; };
		1F97700C17719FC4004321FF /* Repeat.h */ = {isa = PBXFileReference; fileEncoding = 4; lastKnownFileType = sourcecode.c.h; path = Repeat.h; sourceTree = "<group>"; };
		1F97700D17719FC4004321FF /* Repeat.m */ = {isa = PBXFileReference; fileEncoding = 4; lastKnownFileType = sourcecode.c.objc; path = Repeat.m; sourceTree = "<group>"; };
		1F97700F17719FD3004321FF /* Task.h */ = {isa = PBXFileReference; fileEncoding = 4; lastKnownFileType = sourcecode.c.h; path = Task.h; sourceTree = "<group>"; };
		1F97701017719FD4004321FF /* Task.m */ = {isa = PBXFileReference; fileEncoding = 4; lastKnownFileType = sourcecode.c.objc; path = Task.m; sourceTree = "<group>"; };
		1F9770151771A102004321FF /* Repeat+Additions.h */ = {isa = PBXFileReference; fileEncoding = 4; lastKnownFileType = sourcecode.c.h; path = "Repeat+Additions.h"; sourceTree = "<group>"; };
		1F9770161771A102004321FF /* Repeat+Additions.m */ = {isa = PBXFileReference; fileEncoding = 4; lastKnownFileType = sourcecode.c.objc; path = "Repeat+Additions.m"; sourceTree = "<group>"; };
		1F9A212017696FCD000F5E0C /* IconCell.h */ = {isa = PBXFileReference; fileEncoding = 4; lastKnownFileType = sourcecode.c.h; path = IconCell.h; sourceTree = "<group>"; };
		1F9A212117696FCD000F5E0C /* IconCell.m */ = {isa = PBXFileReference; fileEncoding = 4; lastKnownFileType = sourcecode.c.objc; path = IconCell.m; sourceTree = "<group>"; };
		1F9D072F1766129200D3BBF9 /* UIImage+Additions.h */ = {isa = PBXFileReference; fileEncoding = 4; lastKnownFileType = sourcecode.c.h; path = "UIImage+Additions.h"; sourceTree = "<group>"; };
		1F9D07301766129300D3BBF9 /* UIImage+Additions.m */ = {isa = PBXFileReference; fileEncoding = 4; lastKnownFileType = sourcecode.c.objc; path = "UIImage+Additions.m"; sourceTree = "<group>"; };
		1FA078B7175F7BBC005B594F /* Project.h */ = {isa = PBXFileReference; fileEncoding = 4; lastKnownFileType = sourcecode.c.h; path = Project.h; sourceTree = "<group>"; };
		1FA078B8175F7BBC005B594F /* Project.m */ = {isa = PBXFileReference; fileEncoding = 4; lastKnownFileType = sourcecode.c.objc; path = Project.m; sourceTree = "<group>"; };
		1FA078BA175F7DF4005B594F /* ProjectCell.h */ = {isa = PBXFileReference; fileEncoding = 4; lastKnownFileType = sourcecode.c.h; path = ProjectCell.h; sourceTree = "<group>"; };
		1FA078BB175F7DF4005B594F /* ProjectCell.m */ = {isa = PBXFileReference; fileEncoding = 4; lastKnownFileType = sourcecode.c.objc; path = ProjectCell.m; sourceTree = "<group>"; };
		1FA48EAA1722416100D1AF30 /* AnyPlan.app */ = {isa = PBXFileReference; explicitFileType = wrapper.application; includeInIndex = 0; path = AnyPlan.app; sourceTree = BUILT_PRODUCTS_DIR; };
		1FA48EAD1722416200D1AF30 /* UIKit.framework */ = {isa = PBXFileReference; lastKnownFileType = wrapper.framework; name = UIKit.framework; path = System/Library/Frameworks/UIKit.framework; sourceTree = SDKROOT; };
		1FA48EAF1722416200D1AF30 /* Foundation.framework */ = {isa = PBXFileReference; lastKnownFileType = wrapper.framework; name = Foundation.framework; path = System/Library/Frameworks/Foundation.framework; sourceTree = SDKROOT; };
		1FA48EB11722416200D1AF30 /* CoreGraphics.framework */ = {isa = PBXFileReference; lastKnownFileType = wrapper.framework; name = CoreGraphics.framework; path = System/Library/Frameworks/CoreGraphics.framework; sourceTree = SDKROOT; };
		1FA48EB31722416200D1AF30 /* CoreData.framework */ = {isa = PBXFileReference; lastKnownFileType = wrapper.framework; name = CoreData.framework; path = System/Library/Frameworks/CoreData.framework; sourceTree = SDKROOT; };
		1FA48EB71722416200D1AF30 /* AnyPlan-Info.plist */ = {isa = PBXFileReference; lastKnownFileType = text.plist.xml; path = "AnyPlan-Info.plist"; sourceTree = "<group>"; };
		1FA48EB91722416200D1AF30 /* en */ = {isa = PBXFileReference; lastKnownFileType = text.plist.strings; name = en; path = en.lproj/InfoPlist.strings; sourceTree = "<group>"; };
		1FA48EBB1722416200D1AF30 /* main.m */ = {isa = PBXFileReference; lastKnownFileType = sourcecode.c.objc; path = main.m; sourceTree = "<group>"; };
		1FA48EBE1722416200D1AF30 /* AppDelegate.h */ = {isa = PBXFileReference; lastKnownFileType = sourcecode.c.h; path = AppDelegate.h; sourceTree = "<group>"; };
		1FA48EBF1722416200D1AF30 /* AppDelegate.m */ = {isa = PBXFileReference; lastKnownFileType = sourcecode.c.objc; path = AppDelegate.m; sourceTree = "<group>"; };
		1FA48EC11722416200D1AF30 /* Default.png */ = {isa = PBXFileReference; lastKnownFileType = image.png; path = Default.png; sourceTree = "<group>"; };
		1FA48EC31722416200D1AF30 /* Default@2x.png */ = {isa = PBXFileReference; lastKnownFileType = image.png; path = "Default@2x.png"; sourceTree = "<group>"; };
		1FA48EC51722416200D1AF30 /* Default-568h@2x.png */ = {isa = PBXFileReference; lastKnownFileType = image.png; path = "Default-568h@2x.png"; sourceTree = "<group>"; };
		1FA48EC81722416200D1AF30 /* en */ = {isa = PBXFileReference; lastKnownFileType = file.storyboard; name = en; path = en.lproj/MainStoryboard.storyboard; sourceTree = "<group>"; };
		1FA48ECB1722416200D1AF30 /* AnyPlan.xcdatamodel */ = {isa = PBXFileReference; lastKnownFileType = wrapper.xcdatamodel; path = AnyPlan.xcdatamodel; sourceTree = "<group>"; };
		1FA48ED81722416300D1AF30 /* AnyPlanTests.octest */ = {isa = PBXFileReference; explicitFileType = wrapper.cfbundle; includeInIndex = 0; path = AnyPlanTests.octest; sourceTree = BUILT_PRODUCTS_DIR; };
		1FA48ED91722416300D1AF30 /* SenTestingKit.framework */ = {isa = PBXFileReference; lastKnownFileType = wrapper.framework; name = SenTestingKit.framework; path = Library/Frameworks/SenTestingKit.framework; sourceTree = DEVELOPER_DIR; };
		1FA48EE21722416400D1AF30 /* AnyPlanTests-Info.plist */ = {isa = PBXFileReference; lastKnownFileType = text.plist.xml; path = "AnyPlanTests-Info.plist"; sourceTree = "<group>"; };
		1FA48EE41722416400D1AF30 /* en */ = {isa = PBXFileReference; lastKnownFileType = text.plist.strings; name = en; path = en.lproj/InfoPlist.strings; sourceTree = "<group>"; };
		1FA48EE61722416400D1AF30 /* AnyPlanTests.h */ = {isa = PBXFileReference; lastKnownFileType = sourcecode.c.h; path = AnyPlanTests.h; sourceTree = "<group>"; };
		1FA48EE71722416400D1AF30 /* AnyPlanTests.m */ = {isa = PBXFileReference; lastKnownFileType = sourcecode.c.objc; path = AnyPlanTests.m; sourceTree = "<group>"; };
		1FA5EB6417585DBB00025605 /* Note.h */ = {isa = PBXFileReference; fileEncoding = 4; lastKnownFileType = sourcecode.c.h; path = Note.h; sourceTree = "<group>"; };
		1FA5EB6517585DBB00025605 /* Note.m */ = {isa = PBXFileReference; fileEncoding = 4; lastKnownFileType = sourcecode.c.objc; path = Note.m; sourceTree = "<group>"; };
		1FA60AB4173E43BA0037399E /* gear.png */ = {isa = PBXFileReference; lastKnownFileType = image.png; path = gear.png; sourceTree = "<group>"; };
		1FA60AB5173E43BA0037399E /* gear@2x.png */ = {isa = PBXFileReference; lastKnownFileType = image.png; path = "gear@2x.png"; sourceTree = "<group>"; };
		1FA60AB8173E471C0037399E /* SettingViewController.h */ = {isa = PBXFileReference; fileEncoding = 4; lastKnownFileType = sourcecode.c.h; path = SettingViewController.h; sourceTree = "<group>"; };
		1FA60AB9173E471C0037399E /* SettingViewController.m */ = {isa = PBXFileReference; fileEncoding = 4; lastKnownFileType = sourcecode.c.objc; path = SettingViewController.m; sourceTree = "<group>"; };
		1FA60ABB173E4AB90037399E /* ManageProjectViewController.h */ = {isa = PBXFileReference; fileEncoding = 4; lastKnownFileType = sourcecode.c.h; path = ManageProjectViewController.h; sourceTree = "<group>"; };
		1FA60ABC173E4AB90037399E /* ManageProjectViewController.m */ = {isa = PBXFileReference; fileEncoding = 4; lastKnownFileType = sourcecode.c.objc; path = ManageProjectViewController.m; sourceTree = "<group>"; };
		1FA65DED1729126000CA430E /* EditTaskViewController.h */ = {isa = PBXFileReference; fileEncoding = 4; lastKnownFileType = sourcecode.c.h; path = EditTaskViewController.h; sourceTree = "<group>"; };
		1FA65DEE1729126000CA430E /* EditTaskViewController.m */ = {isa = PBXFileReference; fileEncoding = 4; lastKnownFileType = sourcecode.c.objc; path = EditTaskViewController.m; sourceTree = "<group>"; };
		1FA7445B176445CD00E46469 /* IconShapes.plist */ = {isa = PBXFileReference; fileEncoding = 4; lastKnownFileType = text.plist.xml; path = IconShapes.plist; sourceTree = "<group>"; };
		1FA76D48172CAF7300EC659C /* NoteListViewController.h */ = {isa = PBXFileReference; fileEncoding = 4; lastKnownFileType = sourcecode.c.h; path = NoteListViewController.h; sourceTree = "<group>"; };
		1FA76D49172CAF7300EC659C /* NoteListViewController.m */ = {isa = PBXFileReference; fileEncoding = 4; lastKnownFileType = sourcecode.c.objc; path = NoteListViewController.m; sourceTree = "<group>"; };
		1FA76DA0172D05C000EC659C /* EditNoteViewController.h */ = {isa = PBXFileReference; fileEncoding = 4; lastKnownFileType = sourcecode.c.h; path = EditNoteViewController.h; sourceTree = "<group>"; };
		1FA76DA1172D05C000EC659C /* EditNoteViewController.m */ = {isa = PBXFileReference; fileEncoding = 4; lastKnownFileType = sourcecode.c.objc; path = EditNoteViewController.m; sourceTree = "<group>"; };
		1FA76DA6172D06F100EC659C /* Note+Additions.h */ = {isa = PBXFileReference; fileEncoding = 4; lastKnownFileType = sourcecode.c.h; path = "Note+Additions.h"; sourceTree = "<group>"; };
		1FA76DA7172D06F100EC659C /* Note+Additions.m */ = {isa = PBXFileReference; fileEncoding = 4; lastKnownFileType = sourcecode.c.objc; path = "Note+Additions.m"; sourceTree = "<group>"; };
		1FA76DBA172D4E6B00EC659C /* check.png */ = {isa = PBXFileReference; lastKnownFileType = image.png; path = check.png; sourceTree = "<group>"; };
		1FA76DBB172D4E6B00EC659C /* check@2x.png */ = {isa = PBXFileReference; lastKnownFileType = image.png; path = "check@2x.png"; sourceTree = "<group>"; };
		1FA76DBC172D4E6B00EC659C /* note.png */ = {isa = PBXFileReference; lastKnownFileType = image.png; path = note.png; sourceTree = "<group>"; };
		1FA76DBD172D4E6B00EC659C /* note@2x.png */ = {isa = PBXFileReference; lastKnownFileType = image.png; path = "note@2x.png"; sourceTree = "<group>"; };
		1FA76DC6172D534C00EC659C /* NavigationBarTitleWithSubtitleView.h */ = {isa = PBXFileReference; fileEncoding = 4; lastKnownFileType = sourcecode.c.h; path = NavigationBarTitleWithSubtitleView.h; sourceTree = "<group>"; };
		1FA76DC7172D534C00EC659C /* NavigationBarTitleWithSubtitleView.m */ = {isa = PBXFileReference; fileEncoding = 4; lastKnownFileType = sourcecode.c.objc; path = NavigationBarTitleWithSubtitleView.m; sourceTree = "<group>"; };
		1FA76DCC172D704500EC659C /* CustomTabBarController.h */ = {isa = PBXFileReference; fileEncoding = 4; lastKnownFileType = sourcecode.c.h; path = CustomTabBarController.h; sourceTree = "<group>"; };
		1FA76DCD172D704500EC659C /* CustomTabBarController.m */ = {isa = PBXFileReference; fileEncoding = 4; lastKnownFileType = sourcecode.c.objc; path = CustomTabBarController.m; sourceTree = "<group>"; };
		1FA76E00177A8F5C0052F191 /* WelcomeViewController.h */ = {isa = PBXFileReference; fileEncoding = 4; lastKnownFileType = sourcecode.c.h; path = WelcomeViewController.h; sourceTree = "<group>"; };
		1FA76E01177A8F5C0052F191 /* WelcomeViewController.m */ = {isa = PBXFileReference; fileEncoding = 4; lastKnownFileType = sourcecode.c.objc; path = WelcomeViewController.m; sourceTree = "<group>"; };
		1FB4969F177BE8BF00934413 /* MySignUpViewController.h */ = {isa = PBXFileReference; fileEncoding = 4; lastKnownFileType = sourcecode.c.h; path = MySignUpViewController.h; sourceTree = "<group>"; };
		1FB496A0177BE8BF00934413 /* MySignUpViewController.m */ = {isa = PBXFileReference; fileEncoding = 4; lastKnownFileType = sourcecode.c.objc; path = MySignUpViewController.m; sourceTree = "<group>"; };
		1FB5923B17807B1B005FD134 /* UpgradeAccountViewController.h */ = {isa = PBXFileReference; fileEncoding = 4; lastKnownFileType = sourcecode.c.h; path = UpgradeAccountViewController.h; sourceTree = "<group>"; };
		1FB5923C17807B1B005FD134 /* UpgradeAccountViewController.m */ = {isa = PBXFileReference; fileEncoding = 4; lastKnownFileType = sourcecode.c.objc; path = UpgradeAccountViewController.m; sourceTree = "<group>"; };
		1FB832DB176077C900F370AE /* SelectIconShapeViewController.h */ = {isa = PBXFileReference; fileEncoding = 4; lastKnownFileType = sourcecode.c.h; path = SelectIconShapeViewController.h; sourceTree = "<group>"; };
		1FB832DC176077C900F370AE /* SelectIconShapeViewController.m */ = {isa = PBXFileReference; fileEncoding = 4; lastKnownFileType = sourcecode.c.objc; path = SelectIconShapeViewController.m; sourceTree = "<group>"; };
		1FBD4CC517277A76003A5D5C /* TaskListViewController.h */ = {isa = PBXFileReference; fileEncoding = 4; lastKnownFileType = sourcecode.c.h; path = TaskListViewController.h; sourceTree = "<group>"; };
		1FBD4CC617277A76003A5D5C /* TaskListViewController.m */ = {isa = PBXFileReference; fileEncoding = 4; lastKnownFileType = sourcecode.c.objc; path = TaskListViewController.m; sourceTree = "<group>"; };
		1FC969651749DBC700D84A37 /* SelectProjectViewController.h */ = {isa = PBXFileReference; fileEncoding = 4; lastKnownFileType = sourcecode.c.h; path = SelectProjectViewController.h; sourceTree = "<group>"; };
		1FC969661749DBC700D84A37 /* SelectProjectViewController.m */ = {isa = PBXFileReference; fileEncoding = 4; lastKnownFileType = sourcecode.c.objc; path = SelectProjectViewController.m; sourceTree = "<group>"; };
		1FD829C0176C345C0080FA18 /* Task+Additions.h */ = {isa = PBXFileReference; fileEncoding = 4; lastKnownFileType = sourcecode.c.h; path = "Task+Additions.h"; sourceTree = "<group>"; };
		1FD829C1176C345C0080FA18 /* Task+Additions.m */ = {isa = PBXFileReference; fileEncoding = 4; lastKnownFileType = sourcecode.c.objc; path = "Task+Additions.m"; sourceTree = "<group>"; };
		1FD829C6176C379B0080FA18 /* EditMemoViewController.h */ = {isa = PBXFileReference; fileEncoding = 4; lastKnownFileType = sourcecode.c.h; path = EditMemoViewController.h; sourceTree = "<group>"; };
		1FD829C7176C379B0080FA18 /* EditMemoViewController.m */ = {isa = PBXFileReference; fileEncoding = 4; lastKnownFileType = sourcecode.c.objc; path = EditMemoViewController.m; sourceTree = "<group>"; };
		1FE3094B172561510063BD50 /* MenuViewController.h */ = {isa = PBXFileReference; fileEncoding = 4; lastKnownFileType = sourcecode.c.h; path = MenuViewController.h; sourceTree = "<group>"; };
		1FE3094C172561510063BD50 /* MenuViewController.m */ = {isa = PBXFileReference; fileEncoding = 4; lastKnownFileType = sourcecode.c.objc; path = MenuViewController.m; sourceTree = "<group>"; };
		1FE947051747BF4F00FBBA49 /* eye_opened@2x.png */ = {isa = PBXFileReference; lastKnownFileType = image.png; path = "eye_opened@2x.png"; sourceTree = "<group>"; };
		1FE947061747BF4F00FBBA49 /* eye_closed@2x.png */ = {isa = PBXFileReference; lastKnownFileType = image.png; path = "eye_closed@2x.png"; sourceTree = "<group>"; };
		1FEDFF64177E7E010017C7F9 /* welcome_bg_1@2x.png */ = {isa = PBXFileReference; lastKnownFileType = image.png; path = "welcome_bg_1@2x.png"; sourceTree = "<group>"; };
		9077C873054A4505A8F049D1 /* libPods.a */ = {isa = PBXFileReference; explicitFileType = archive.ar; includeInIndex = 0; path = libPods.a; sourceTree = BUILT_PRODUCTS_DIR; };
		BFA7C88A3EF94D8EA2F0815F /* Pods.xcconfig */ = {isa = PBXFileReference; includeInIndex = 1; lastKnownFileType = text.xcconfig; name = Pods.xcconfig; path = Pods/Pods.xcconfig; sourceTree = SOURCE_ROOT; };
/* End PBXFileReference section */

/* Begin PBXFrameworksBuildPhase section */
		1FA48EA71722416100D1AF30 /* Frameworks */ = {
			isa = PBXFrameworksBuildPhase;
			buildActionMask = 2147483647;
			files = (
				1FA48EAE1722416200D1AF30 /* UIKit.framework in Frameworks */,
				1FA48EB01722416200D1AF30 /* Foundation.framework in Frameworks */,
				1FA48EB21722416200D1AF30 /* CoreGraphics.framework in Frameworks */,
				1FA48EB41722416200D1AF30 /* CoreData.framework in Frameworks */,
				3CDE1E50AB5C42919ED57831 /* libPods.a in Frameworks */,
			);
			runOnlyForDeploymentPostprocessing = 0;
		};
		1FA48ED41722416300D1AF30 /* Frameworks */ = {
			isa = PBXFrameworksBuildPhase;
			buildActionMask = 2147483647;
			files = (
				1FA48EDA1722416300D1AF30 /* SenTestingKit.framework in Frameworks */,
				1FA48EDB1722416300D1AF30 /* UIKit.framework in Frameworks */,
				1FA48EDC1722416300D1AF30 /* Foundation.framework in Frameworks */,
				1FA48EDD1722416300D1AF30 /* CoreData.framework in Frameworks */,
			);
			runOnlyForDeploymentPostprocessing = 0;
		};
/* End PBXFrameworksBuildPhase section */

/* Begin PBXGroup section */
		1F0D2C6F1725138600273284 /* Model */ = {
			isa = PBXGroup;
			children = (
				1FE3095A172568B20063BD50 /* Managed Object */,
				1FA48ECA1722416200D1AF30 /* AnyPlan.xcdatamodeld */,
			);
			name = Model;
			sourceTree = "<group>";
		};
		1F0D2C701725167800273284 /* ViewControllers */ = {
			isa = PBXGroup;
			children = (
				1FA76DC5172D533500EC659C /* Common */,
				1FA76D46172CAF4800EC659C /* Menu */,
				1F296544173F331500174C15 /* Setting */,
				1FA76D45172CAF3A00EC659C /* Task */,
				1FA76D47172CAF5500EC659C /* Note */,
			);
			name = ViewControllers;
			sourceTree = "<group>";
		};
		1F0D2C71172516B400273284 /* Resources */ = {
			isa = PBXGroup;
			children = (
				1F6157BA17813E43004E5F16 /* MKStoreKitConfigs.plist */,
				1F4734D61763069300D78618 /* IconColors.plist */,
				1FA7445B176445CD00E46469 /* IconShapes.plist */,
				1F2223671726A93D0034CC80 /* Localizable.strings */,
				1FE30950172564FC0063BD50 /* Images */,
			);
			name = Resources;
			sourceTree = "<group>";
		};
		1F1F75141766CDD60022FC11 /* ProjectIcon */ = {
			isa = PBXGroup;
			children = (
				1F3F2F2E176753BA007A0606 /* book.png */,
				1F3F2F2F176753BA007A0606 /* book@2x.png */,
				1F3F2F30176753BA007A0606 /* briefcase.png */,
				1F3F2F31176753BA007A0606 /* briefcase@2x.png */,
				1F3F2F32176753BA007A0606 /* bulb.png */,
				1F3F2F33176753BA007A0606 /* bulb@2x.png */,
				1F3F2F34176753BA007A0606 /* chart.png */,
				1F3F2F35176753BA007A0606 /* chart@2x.png */,
				1F3F2F38176753BA007A0606 /* cup.png */,
				1F3F2F39176753BA007A0606 /* cup@2x.png */,
				1F3F2F3A176753BA007A0606 /* dumbbell.png */,
				1F3F2F3B176753BA007A0606 /* dumbbell@2x.png */,
				1F3F2F3C176753BA007A0606 /* exclamation.png */,
				1F3F2F3D176753BA007A0606 /* exclamation@2x.png */,
				1F3F2F8617675543007A0606 /* flag.png */,
				1F3F2F8717675543007A0606 /* flag@2x.png */,
				1F3F2F3E176753BA007A0606 /* folder.png */,
				1F3F2F3F176753BA007A0606 /* folder@2x.png */,
				1F3F2F40176753BA007A0606 /* gift.png */,
				1F3F2F41176753BA007A0606 /* gift@2x.png */,
				1F3F2F42176753BA007A0606 /* globe.png */,
				1F3F2F43176753BA007A0606 /* globe@2x.png */,
				1F3F2F44176753BA007A0606 /* heart.png */,
				1F3F2F45176753BA007A0606 /* heart@2x.png */,
				1F3F2F46176753BA007A0606 /* home.png */,
				1F3F2F47176753BA007A0606 /* home@2x.png */,
				1F1A73A417675D9B00EED3D5 /* mountain.png */,
				1F1A73A517675D9B00EED3D5 /* mountain@2x.png */,
				1F3F2F48176753BA007A0606 /* music.png */,
				1F3F2F49176753BA007A0606 /* music@2x.png */,
				1F3F2F8E1767574C007A0606 /* people.png */,
				1F3F2F8F1767574C007A0606 /* people@2x.png */,
				1F3F2F4C176753BA007A0606 /* person.png */,
				1F3F2F4D176753BA007A0606 /* person@2x.png */,
				1F3F2F4E176753BA007A0606 /* plane.png */,
				1F3F2F4F176753BA007A0606 /* plane@2x.png */,
				1F3F2F50176753BA007A0606 /* rocket.png */,
				1F3F2F51176753BA007A0606 /* rocket@2x.png */,
				1F3F2F52176753BA007A0606 /* running.png */,
				1F3F2F53176753BA007A0606 /* running@2x.png */,
				1F3F2F92176757B9007A0606 /* skull.png */,
				1F3F2F93176757B9007A0606 /* skull@2x.png */,
				1F3F2F8A1767555A007A0606 /* star.png */,
				1F3F2F8B1767555A007A0606 /* star@2x.png */,
				1F1A73A017675AAB00EED3D5 /* sun.png */,
				1F1A73A117675AAB00EED3D5 /* sun@2x.png */,
				1F3F2F58176753BA007A0606 /* trophy.png */,
				1F3F2F59176753BA007A0606 /* trophy@2x.png */,
				1F28C65D176B38A900EEE302 /* inbox_with_background.png */,
				1F28C65E176B38A900EEE302 /* inbox_with_background@2x.png */,
				1F28C65F176B38A900EEE302 /* inbox.png */,
				1F28C660176B38A900EEE302 /* inbox@2x.png */,
				1F1A73AA17675EC900EED3D5 /* infinity.png */,
				1F1A73AB17675EC900EED3D5 /* infinity@2x.png */,
			);
			path = ProjectIcon;
			sourceTree = "<group>";
		};
		1F22235C17269B8D0034CC80 /* Cell */ = {
			isa = PBXGroup;
			children = (
				1F9A211E17696F6B000F5E0C /* UITableView */,
				1F9A211F17696F73000F5E0C /* UICollectionView */,
			);
			path = Cell;
			sourceTree = "<group>";
		};
		1F296544173F331500174C15 /* Setting */ = {
			isa = PBXGroup;
			children = (
				1FA60AB8173E471C0037399E /* SettingViewController.h */,
				1FA60AB9173E471C0037399E /* SettingViewController.m */,
				1F9435F2177D31FA00C4E408 /* Account */,
				1F9A21231769B5CE000F5E0C /* Project */,
			);
			name = Setting;
			sourceTree = "<group>";
		};
		1F5EE428172F6B6A004EAD94 /* Task */ = {
			isa = PBXGroup;
			children = (
				1FE947051747BF4F00FBBA49 /* eye_opened@2x.png */,
				1FE947061747BF4F00FBBA49 /* eye_closed@2x.png */,
				1F5EE429172F6B6A004EAD94 /* checkbox_checked.png */,
				1F5EE42A172F6B6A004EAD94 /* checkbox_checked@2x.png */,
				1F5EE42B172F6B6A004EAD94 /* checkbox_unchecked.png */,
				1F5EE42C172F6B6A004EAD94 /* checkbox_unchecked@2x.png */,
			);
			path = Task;
			sourceTree = "<group>";
		};
		1F9435F2177D31FA00C4E408 /* Account */ = {
			isa = PBXGroup;
			children = (
				1F9435EF177D26B500C4E408 /* UserAccountViewController.h */,
				1F9435F0177D26B500C4E408 /* UserAccountViewController.m */,
				1F9435F6177D324900C4E408 /* ChangeEmailViewController.h */,
				1F9435F7177D324900C4E408 /* ChangeEmailViewController.m */,
			);
			name = Account;
			sourceTree = "<group>";
		};
		1F97701217719FF6004321FF /* Project */ = {
			isa = PBXGroup;
			children = (
				1FA078B7175F7BBC005B594F /* Project.h */,
				1FA078B8175F7BBC005B594F /* Project.m */,
				1F22236E1726AE980034CC80 /* Project+Additions.h */,
				1F22236F1726AE980034CC80 /* Project+Additions.m */,
			);
			name = Project;
			sourceTree = "<group>";
		};
		1F9770131771A0A6004321FF /* Note */ = {
			isa = PBXGroup;
			children = (
				1FA5EB6417585DBB00025605 /* Note.h */,
				1FA5EB6517585DBB00025605 /* Note.m */,
				1FA76DA6172D06F100EC659C /* Note+Additions.h */,
				1FA76DA7172D06F100EC659C /* Note+Additions.m */,
			);
			name = Note;
			sourceTree = "<group>";
		};
		1F9770141771A0AB004321FF /* Task */ = {
			isa = PBXGroup;
			children = (
				1F97700F17719FD3004321FF /* Task.h */,
				1F97701017719FD4004321FF /* Task.m */,
				1FD829C0176C345C0080FA18 /* Task+Additions.h */,
				1FD829C1176C345C0080FA18 /* Task+Additions.m */,
				1F97700C17719FC4004321FF /* Repeat.h */,
				1F97700D17719FC4004321FF /* Repeat.m */,
				1F9770151771A102004321FF /* Repeat+Additions.h */,
				1F9770161771A102004321FF /* Repeat+Additions.m */,
			);
			name = Task;
			sourceTree = "<group>";
		};
		1F9A211E17696F6B000F5E0C /* UITableView */ = {
			isa = PBXGroup;
			children = (
				1F22235D17269B8D0034CC80 /* EditableCell.h */,
				1F22235E17269B8D0034CC80 /* EditableCell.m */,
				1F5EE434172F7629004EAD94 /* TaskCell.h */,
				1F5EE435172F7629004EAD94 /* TaskCell.m */,
				1F0EDC7A1756213B0096D4F1 /* NoteCell.h */,
				1F0EDC7B1756213B0096D4F1 /* NoteCell.m */,
				1FA078BA175F7DF4005B594F /* ProjectCell.h */,
				1FA078BB175F7DF4005B594F /* ProjectCell.m */,
				1F85D428176D9842009C7362 /* MemoCell.h */,
				1F85D429176D9842009C7362 /* MemoCell.m */,
			);
			name = UITableView;
			sourceTree = "<group>";
		};
		1F9A211F17696F73000F5E0C /* UICollectionView */ = {
			isa = PBXGroup;
			children = (
				1F9A212017696FCD000F5E0C /* IconCell.h */,
				1F9A212117696FCD000F5E0C /* IconCell.m */,
			);
			name = UICollectionView;
			sourceTree = "<group>";
		};
		1F9A21231769B5CE000F5E0C /* Project */ = {
			isa = PBXGroup;
			children = (
				1FA60ABB173E4AB90037399E /* ManageProjectViewController.h */,
				1FA60ABC173E4AB90037399E /* ManageProjectViewController.m */,
				1F22235917266D830034CC80 /* EditProjectViewController.h */,
				1F22235A17266D830034CC80 /* EditProjectViewController.m */,
				1FB832DB176077C900F370AE /* SelectIconShapeViewController.h */,
				1FB832DC176077C900F370AE /* SelectIconShapeViewController.m */,
				1F911CB91761E96300CA468A /* SelectIconColorViewController.h */,
				1F911CBA1761E96400CA468A /* SelectIconColorViewController.m */,
			);
			name = Project;
			sourceTree = "<group>";
		};
		1FA48EA11722416100D1AF30 = {
			isa = PBXGroup;
			children = (
				1F00DA2417886A40006EF467 /* Icon@2x.png */,
				1F00DA2217886A3A006EF467 /* Icon.png */,
				1FA48EB51722416200D1AF30 /* AnyPlan */,
				1FA48EE01722416400D1AF30 /* AnyPlanTests */,
				1FA48EAC1722416200D1AF30 /* Frameworks */,
				1FA48EAB1722416200D1AF30 /* Products */,
				BFA7C88A3EF94D8EA2F0815F /* Pods.xcconfig */,
			);
			sourceTree = "<group>";
		};
		1FA48EAB1722416200D1AF30 /* Products */ = {
			isa = PBXGroup;
			children = (
				1FA48EAA1722416100D1AF30 /* AnyPlan.app */,
				1FA48ED81722416300D1AF30 /* AnyPlanTests.octest */,
			);
			name = Products;
			sourceTree = "<group>";
		};
		1FA48EAC1722416200D1AF30 /* Frameworks */ = {
			isa = PBXGroup;
			children = (
				1FA48EAD1722416200D1AF30 /* UIKit.framework */,
				1FA48EAF1722416200D1AF30 /* Foundation.framework */,
				1FA48EB11722416200D1AF30 /* CoreGraphics.framework */,
				1FA48EB31722416200D1AF30 /* CoreData.framework */,
				1FA48ED91722416300D1AF30 /* SenTestingKit.framework */,
				9077C873054A4505A8F049D1 /* libPods.a */,
			);
			name = Frameworks;
			sourceTree = "<group>";
		};
		1FA48EB51722416200D1AF30 /* AnyPlan */ = {
			isa = PBXGroup;
			children = (
				1FA48EBE1722416200D1AF30 /* AppDelegate.h */,
				1FA48EBF1722416200D1AF30 /* AppDelegate.m */,
				1FA48EC71722416200D1AF30 /* MainStoryboard.storyboard */,
				1F0D2C701725167800273284 /* ViewControllers */,
				1F0D2C6F1725138600273284 /* Model */,
				1F0D2C71172516B400273284 /* Resources */,
				1FA48EB61722416200D1AF30 /* Supporting Files */,
			);
			path = AnyPlan;
			sourceTree = "<group>";
		};
		1FA48EB61722416200D1AF30 /* Supporting Files */ = {
			isa = PBXGroup;
			children = (
				1FA48EB71722416200D1AF30 /* AnyPlan-Info.plist */,
				1FA48EB81722416200D1AF30 /* InfoPlist.strings */,
				1F1A739F176758AA00EED3D5 /* AnyPlan-Prefix.pch */,
				1FA48EBB1722416200D1AF30 /* main.m */,
				1FA48EC11722416200D1AF30 /* Default.png */,
				1F2223711726DE6C0034CC80 /* mza_350428985234134843.png */,
				1FA48EC31722416200D1AF30 /* Default@2x.png */,
				1FA48EC51722416200D1AF30 /* Default-568h@2x.png */,
			);
			name = "Supporting Files";
			sourceTree = "<group>";
		};
		1FA48EE01722416400D1AF30 /* AnyPlanTests */ = {
			isa = PBXGroup;
			children = (
				1FA48EE61722416400D1AF30 /* AnyPlanTests.h */,
				1FA48EE71722416400D1AF30 /* AnyPlanTests.m */,
				1FA48EE11722416400D1AF30 /* Supporting Files */,
			);
			path = AnyPlanTests;
			sourceTree = "<group>";
		};
		1FA48EE11722416400D1AF30 /* Supporting Files */ = {
			isa = PBXGroup;
			children = (
				1FA48EE21722416400D1AF30 /* AnyPlanTests-Info.plist */,
				1FA48EE31722416400D1AF30 /* InfoPlist.strings */,
			);
			name = "Supporting Files";
			sourceTree = "<group>";
		};
		1FA76D45172CAF3A00EC659C /* Task */ = {
			isa = PBXGroup;
			children = (
				1FBD4CC517277A76003A5D5C /* TaskListViewController.h */,
				1FBD4CC617277A76003A5D5C /* TaskListViewController.m */,
				1FA65DED1729126000CA430E /* EditTaskViewController.h */,
				1FA65DEE1729126000CA430E /* EditTaskViewController.m */,
				1FD829C6176C379B0080FA18 /* EditMemoViewController.h */,
				1FD829C7176C379B0080FA18 /* EditMemoViewController.m */,
				1FC969651749DBC700D84A37 /* SelectProjectViewController.h */,
				1FC969661749DBC700D84A37 /* SelectProjectViewController.m */,
			);
			name = Task;
			sourceTree = "<group>";
		};
		1FA76D46172CAF4800EC659C /* Menu */ = {
			isa = PBXGroup;
			children = (
				1FE3094B172561510063BD50 /* MenuViewController.h */,
				1FE3094C172561510063BD50 /* MenuViewController.m */,
			);
			name = Menu;
			sourceTree = "<group>";
		};
		1FA76D47172CAF5500EC659C /* Note */ = {
			isa = PBXGroup;
			children = (
				1FA76D48172CAF7300EC659C /* NoteListViewController.h */,
				1FA76D49172CAF7300EC659C /* NoteListViewController.m */,
				1FA76DA0172D05C000EC659C /* EditNoteViewController.h */,
				1FA76DA1172D05C000EC659C /* EditNoteViewController.m */,
				1F1EC500175216F80004CD4B /* NoteInfoViewController.h */,
				1F1EC501175216F80004CD4B /* NoteInfoViewController.m */,
			);
			name = Note;
			sourceTree = "<group>";
		};
		1FA76DC5172D533500EC659C /* Common */ = {
			isa = PBXGroup;
			children = (
				1FA76DC6172D534C00EC659C /* NavigationBarTitleWithSubtitleView.h */,
				1FA76DC7172D534C00EC659C /* NavigationBarTitleWithSubtitleView.m */,
				1FA76DCC172D704500EC659C /* CustomTabBarController.h */,
				1FA76DCD172D704500EC659C /* CustomTabBarController.m */,
				1F4734D817630BE900D78618 /* UIColor+ColorWithHex.h */,
				1F4734D917630BE900D78618 /* UIColor+ColorWithHex.m */,
				1F9D072F1766129200D3BBF9 /* UIImage+Additions.h */,
				1F9D07301766129300D3BBF9 /* UIImage+Additions.m */,
				1FA76E00177A8F5C0052F191 /* WelcomeViewController.h */,
				1FA76E01177A8F5C0052F191 /* WelcomeViewController.m */,
				1FB4969F177BE8BF00934413 /* MySignUpViewController.h */,
				1FB496A0177BE8BF00934413 /* MySignUpViewController.m */,
				1FB5923B17807B1B005FD134 /* UpgradeAccountViewController.h */,
				1FB5923C17807B1B005FD134 /* UpgradeAccountViewController.m */,
				1F22235C17269B8D0034CC80 /* Cell */,
			);
			name = Common;
			sourceTree = "<group>";
		};
		1FE30950172564FC0063BD50 /* Images */ = {
			isa = PBXGroup;
			children = (
				1F5EE428172F6B6A004EAD94 /* Task */,
				1FE30951172564FC0063BD50 /* Common */,
			);
			path = Images;
			sourceTree = "<group>";
		};
		1FE30951172564FC0063BD50 /* Common */ = {
			isa = PBXGroup;
			children = (
				1F1F75141766CDD60022FC11 /* ProjectIcon */,
				1FA60AB4173E43BA0037399E /* gear.png */,
				1FA60AB5173E43BA0037399E /* gear@2x.png */,
				1F8EB515177D9840007E4F58 /* check_HUD.png */,
				1F8EB516177D9840007E4F58 /* check_HUD@2x.png */,
				1F3E36CB17858BF800BF8ED9 /* cross_HUD.png */,
				1F3E36CC17858BF800BF8ED9 /* cross_HUD@2x.png */,
				1FA76DBA172D4E6B00EC659C /* check.png */,
				1FA76DBB172D4E6B00EC659C /* check@2x.png */,
				1FA76DBC172D4E6B00EC659C /* note.png */,
				1FA76DBD172D4E6B00EC659C /* note@2x.png */,
				1F4D237D172B73F600081E94 /* delete_button@2x.png */,
				1F4D237F172BCD5600081E94 /* delete_button.png */,
				1F4D2381172BCDA300081E94 /* list@2x.png */,
				1F4D2382172BCDA300081E94 /* list.png */,
				1FEDFF64177E7E010017C7F9 /* welcome_bg_1@2x.png */,
			);
			path = Common;
			sourceTree = "<group>";
		};
		1FE3095A172568B20063BD50 /* Managed Object */ = {
			isa = PBXGroup;
			children = (
				1F97701217719FF6004321FF /* Project */,
				1F9770141771A0AB004321FF /* Task */,
				1F9770131771A0A6004321FF /* Note */,
			);
			name = "Managed Object";
			sourceTree = "<group>";
		};
/* End PBXGroup section */

/* Begin PBXNativeTarget section */
		1FA48EA91722416100D1AF30 /* AnyPlan */ = {
			isa = PBXNativeTarget;
			buildConfigurationList = 1FA48EEB1722416400D1AF30 /* Build configuration list for PBXNativeTarget "AnyPlan" */;
			buildPhases = (
				EC36A788156F475FAD6DAC54 /* Check Pods Manifest.lock */,
				1FA48EA61722416100D1AF30 /* Sources */,
				1FA48EA71722416100D1AF30 /* Frameworks */,
				1FA48EA81722416100D1AF30 /* Resources */,
				C4690271B5544D3D91A7CA95 /* Copy Pods Resources */,
			);
			buildRules = (
			);
			dependencies = (
			);
			name = AnyPlan;
			productName = AnyPlan;
			productReference = 1FA48EAA1722416100D1AF30 /* AnyPlan.app */;
			productType = "com.apple.product-type.application";
		};
		1FA48ED71722416300D1AF30 /* AnyPlanTests */ = {
			isa = PBXNativeTarget;
			buildConfigurationList = 1FA48EEE1722416400D1AF30 /* Build configuration list for PBXNativeTarget "AnyPlanTests" */;
			buildPhases = (
				1FA48ED31722416300D1AF30 /* Sources */,
				1FA48ED41722416300D1AF30 /* Frameworks */,
				1FA48ED51722416300D1AF30 /* Resources */,
				1FA48ED61722416300D1AF30 /* ShellScript */,
			);
			buildRules = (
			);
			dependencies = (
				1FA48EDF1722416400D1AF30 /* PBXTargetDependency */,
			);
			name = AnyPlanTests;
			productName = AnyPlanTests;
			productReference = 1FA48ED81722416300D1AF30 /* AnyPlanTests.octest */;
			productType = "com.apple.product-type.bundle";
		};
/* End PBXNativeTarget section */

/* Begin PBXProject section */
		1FA48EA21722416100D1AF30 /* Project object */ = {
			isa = PBXProject;
			attributes = {
				LastUpgradeCheck = 0460;
				ORGANIZATIONNAME = "Ken Tsutsumi";
			};
			buildConfigurationList = 1FA48EA51722416100D1AF30 /* Build configuration list for PBXProject "AnyPlan" */;
			compatibilityVersion = "Xcode 3.2";
			developmentRegion = English;
			hasScannedForEncodings = 0;
			knownRegions = (
				en,
				ja,
			);
			mainGroup = 1FA48EA11722416100D1AF30;
			productRefGroup = 1FA48EAB1722416200D1AF30 /* Products */;
			projectDirPath = "";
			projectRoot = "";
			targets = (
				1FA48EA91722416100D1AF30 /* AnyPlan */,
				1FA48ED71722416300D1AF30 /* AnyPlanTests */,
			);
		};
/* End PBXProject section */

/* Begin PBXResourcesBuildPhase section */
		1FA48EA81722416100D1AF30 /* Resources */ = {
			isa = PBXResourcesBuildPhase;
			buildActionMask = 2147483647;
			files = (
				1FA48EBA1722416200D1AF30 /* InfoPlist.strings in Resources */,
				1FA48EC21722416200D1AF30 /* Default.png in Resources */,
				1FA48EC41722416200D1AF30 /* Default@2x.png in Resources */,
				1FA48EC61722416200D1AF30 /* Default-568h@2x.png in Resources */,
				1FA48EC91722416200D1AF30 /* MainStoryboard.storyboard in Resources */,
				1F2223651726A93D0034CC80 /* Localizable.strings in Resources */,
				1F2223721726DE6C0034CC80 /* mza_350428985234134843.png in Resources */,
				1F4D237E172B73F600081E94 /* delete_button@2x.png in Resources */,
				1F4D2380172BCD5600081E94 /* delete_button.png in Resources */,
				1F4D2383172BCDA300081E94 /* list@2x.png in Resources */,
				1F4D2384172BCDA300081E94 /* list.png in Resources */,
				1FA76DBE172D4E6B00EC659C /* check.png in Resources */,
				1FA76DBF172D4E6B00EC659C /* check@2x.png in Resources */,
				1FA76DC0172D4E6B00EC659C /* note.png in Resources */,
				1FA76DC1172D4E6B00EC659C /* note@2x.png in Resources */,
				1F5EE42D172F6B6A004EAD94 /* checkbox_checked.png in Resources */,
				1F5EE42E172F6B6A004EAD94 /* checkbox_checked@2x.png in Resources */,
				1F5EE42F172F6B6A004EAD94 /* checkbox_unchecked.png in Resources */,
				1F5EE430172F6B6A004EAD94 /* checkbox_unchecked@2x.png in Resources */,
				1FA60AB6173E43BA0037399E /* gear.png in Resources */,
				1FA60AB7173E43BA0037399E /* gear@2x.png in Resources */,
				1FE947071747BF4F00FBBA49 /* eye_opened@2x.png in Resources */,
				1FE947081747BF4F00FBBA49 /* eye_closed@2x.png in Resources */,
				1F4734D71763069300D78618 /* IconColors.plist in Resources */,
				1FA7445C176445CD00E46469 /* IconShapes.plist in Resources */,
				1F3F2F5A176753BA007A0606 /* book.png in Resources */,
				1F3F2F5B176753BA007A0606 /* book@2x.png in Resources */,
				1F3F2F5C176753BA007A0606 /* briefcase.png in Resources */,
				1F3F2F5D176753BA007A0606 /* briefcase@2x.png in Resources */,
				1F3F2F5E176753BA007A0606 /* bulb.png in Resources */,
				1F3F2F5F176753BA007A0606 /* bulb@2x.png in Resources */,
				1F3F2F60176753BA007A0606 /* chart.png in Resources */,
				1F3F2F61176753BA007A0606 /* chart@2x.png in Resources */,
				1F3F2F64176753BA007A0606 /* cup.png in Resources */,
				1F3F2F65176753BA007A0606 /* cup@2x.png in Resources */,
				1F3F2F66176753BA007A0606 /* dumbbell.png in Resources */,
				1F3F2F67176753BA007A0606 /* dumbbell@2x.png in Resources */,
				1F3F2F68176753BA007A0606 /* exclamation.png in Resources */,
				1F3F2F69176753BA007A0606 /* exclamation@2x.png in Resources */,
				1F3F2F6A176753BA007A0606 /* folder.png in Resources */,
				1F3F2F6B176753BA007A0606 /* folder@2x.png in Resources */,
				1F3F2F6C176753BA007A0606 /* gift.png in Resources */,
				1F3F2F6D176753BA007A0606 /* gift@2x.png in Resources */,
				1F3F2F6E176753BA007A0606 /* globe.png in Resources */,
				1F3F2F6F176753BA007A0606 /* globe@2x.png in Resources */,
				1F3F2F70176753BA007A0606 /* heart.png in Resources */,
				1F3F2F71176753BA007A0606 /* heart@2x.png in Resources */,
				1F3F2F72176753BA007A0606 /* home.png in Resources */,
				1F3F2F73176753BA007A0606 /* home@2x.png in Resources */,
				1F3F2F74176753BA007A0606 /* music.png in Resources */,
				1F3F2F75176753BA007A0606 /* music@2x.png in Resources */,
				1F3F2F78176753BA007A0606 /* person.png in Resources */,
				1F3F2F79176753BA007A0606 /* person@2x.png in Resources */,
				1F3F2F7A176753BA007A0606 /* plane.png in Resources */,
				1F3F2F7B176753BA007A0606 /* plane@2x.png in Resources */,
				1F3F2F7C176753BA007A0606 /* rocket.png in Resources */,
				1F3F2F7D176753BA007A0606 /* rocket@2x.png in Resources */,
				1F3F2F7E176753BA007A0606 /* running.png in Resources */,
				1F3F2F7F176753BA007A0606 /* running@2x.png in Resources */,
				1F3F2F84176753BA007A0606 /* trophy.png in Resources */,
				1F3F2F85176753BA007A0606 /* trophy@2x.png in Resources */,
				1F3F2F8817675543007A0606 /* flag.png in Resources */,
				1F3F2F8917675543007A0606 /* flag@2x.png in Resources */,
				1F3F2F8C1767555A007A0606 /* star.png in Resources */,
				1F3F2F8D1767555A007A0606 /* star@2x.png in Resources */,
				1F3F2F901767574C007A0606 /* people.png in Resources */,
				1F3F2F911767574C007A0606 /* people@2x.png in Resources */,
				1F3F2F94176757B9007A0606 /* skull.png in Resources */,
				1F3F2F95176757B9007A0606 /* skull@2x.png in Resources */,
				1F1A73A217675AAB00EED3D5 /* sun.png in Resources */,
				1F1A73A317675AAB00EED3D5 /* sun@2x.png in Resources */,
				1F1A73A617675D9B00EED3D5 /* mountain.png in Resources */,
				1F1A73A717675D9B00EED3D5 /* mountain@2x.png in Resources */,
				1F1A73AE17675EC900EED3D5 /* infinity.png in Resources */,
				1F1A73AF17675EC900EED3D5 /* infinity@2x.png in Resources */,
				1F28C661176B38A900EEE302 /* inbox_with_background.png in Resources */,
				1F28C662176B38A900EEE302 /* inbox_with_background@2x.png in Resources */,
				1F28C663176B38A900EEE302 /* inbox.png in Resources */,
				1F28C664176B38A900EEE302 /* inbox@2x.png in Resources */,
				1F8EB517177D9840007E4F58 /* check_HUD.png in Resources */,
				1F8EB518177D9840007E4F58 /* check_HUD@2x.png in Resources */,
				1FEDFF65177E7E010017C7F9 /* welcome_bg_1@2x.png in Resources */,
				1F6157BB17813E43004E5F16 /* MKStoreKitConfigs.plist in Resources */,
				1F3E36CD17858BF800BF8ED9 /* cross_HUD.png in Resources */,
				1F3E36CE17858BF800BF8ED9 /* cross_HUD@2x.png in Resources */,
				1F00DA2317886A3B006EF467 /* Icon.png in Resources */,
				1F00DA2517886A40006EF467 /* Icon@2x.png in Resources */,
			);
			runOnlyForDeploymentPostprocessing = 0;
		};
		1FA48ED51722416300D1AF30 /* Resources */ = {
			isa = PBXResourcesBuildPhase;
			buildActionMask = 2147483647;
			files = (
				1FA48EE51722416400D1AF30 /* InfoPlist.strings in Resources */,
			);
			runOnlyForDeploymentPostprocessing = 0;
		};
/* End PBXResourcesBuildPhase section */

/* Begin PBXShellScriptBuildPhase section */
		1FA48ED61722416300D1AF30 /* ShellScript */ = {
			isa = PBXShellScriptBuildPhase;
			buildActionMask = 2147483647;
			files = (
			);
			inputPaths = (
			);
			outputPaths = (
			);
			runOnlyForDeploymentPostprocessing = 0;
			shellPath = /bin/sh;
			shellScript = "# Run the unit tests in this test bundle.\n\"${SYSTEM_DEVELOPER_DIR}/Tools/RunUnitTests\"\n";
		};
		C4690271B5544D3D91A7CA95 /* Copy Pods Resources */ = {
			isa = PBXShellScriptBuildPhase;
			buildActionMask = 2147483647;
			files = (
			);
			inputPaths = (
			);
			name = "Copy Pods Resources";
			outputPaths = (
			);
			runOnlyForDeploymentPostprocessing = 0;
			shellPath = /bin/sh;
			shellScript = "\"${SRCROOT}/Pods/Pods-resources.sh\"\n";
		};
		EC36A788156F475FAD6DAC54 /* Check Pods Manifest.lock */ = {
			isa = PBXShellScriptBuildPhase;
			buildActionMask = 2147483647;
			files = (
			);
			inputPaths = (
			);
			name = "Check Pods Manifest.lock";
			outputPaths = (
			);
			runOnlyForDeploymentPostprocessing = 0;
			shellPath = /bin/sh;
			shellScript = "diff \"${PODS_ROOT}/../Podfile.lock\" \"${PODS_ROOT}/Manifest.lock\" > /dev/null\nif [[ $? != 0 ]] ; then\n    cat << EOM\nerror: The sanbox is not in sync with the Podfile.lock. Run 'pod install'.\nEOM\n    exit 1\nfi\n";
		};
/* End PBXShellScriptBuildPhase section */

/* Begin PBXSourcesBuildPhase section */
		1FA48EA61722416100D1AF30 /* Sources */ = {
			isa = PBXSourcesBuildPhase;
			buildActionMask = 2147483647;
			files = (
				1FA48EBC1722416200D1AF30 /* main.m in Sources */,
				1FA48EC01722416200D1AF30 /* AppDelegate.m in Sources */,
				1FA48ECC1722416200D1AF30 /* AnyPlan.xcdatamodeld in Sources */,
				1FE3094D172561510063BD50 /* MenuViewController.m in Sources */,
				1F22235B17266D830034CC80 /* EditProjectViewController.m in Sources */,
				1F22235F17269B8D0034CC80 /* EditableCell.m in Sources */,
				1F2223701726AE980034CC80 /* Project+Additions.m in Sources */,
				1FBD4CC717277A76003A5D5C /* TaskListViewController.m in Sources */,
				1FA65DEF1729126000CA430E /* EditTaskViewController.m in Sources */,
				1FA76D4A172CAF7300EC659C /* NoteListViewController.m in Sources */,
				1FA76DA2172D05C000EC659C /* EditNoteViewController.m in Sources */,
				1FA76DA8172D06F100EC659C /* Note+Additions.m in Sources */,
				1FA76DC8172D534C00EC659C /* NavigationBarTitleWithSubtitleView.m in Sources */,
				1FA76DCE172D704600EC659C /* CustomTabBarController.m in Sources */,
				1F5EE436172F7629004EAD94 /* TaskCell.m in Sources */,
				1FA60ABA173E471C0037399E /* SettingViewController.m in Sources */,
				1FA60ABD173E4AB90037399E /* ManageProjectViewController.m in Sources */,
				1FC969671749DBC700D84A37 /* SelectProjectViewController.m in Sources */,
				1F1EC502175216F80004CD4B /* NoteInfoViewController.m in Sources */,
				1F0EDC7C1756213B0096D4F1 /* NoteCell.m in Sources */,
				1FA5EB6617585DBB00025605 /* Note.m in Sources */,
				1FA078B9175F7BBC005B594F /* Project.m in Sources */,
				1FA078BC175F7DF5005B594F /* ProjectCell.m in Sources */,
				1FB832DD176077C900F370AE /* SelectIconShapeViewController.m in Sources */,
				1F911CBB1761E96400CA468A /* SelectIconColorViewController.m in Sources */,
				1F4734DA17630BE900D78618 /* UIColor+ColorWithHex.m in Sources */,
				1F9D07311766129300D3BBF9 /* UIImage+Additions.m in Sources */,
				1F9A212217696FCD000F5E0C /* IconCell.m in Sources */,
				1FD829C2176C345C0080FA18 /* Task+Additions.m in Sources */,
				1FD829C8176C379B0080FA18 /* EditMemoViewController.m in Sources */,
				1F85D42A176D9842009C7362 /* MemoCell.m in Sources */,
				1F97700E17719FC4004321FF /* Repeat.m in Sources */,
				1F97701117719FD4004321FF /* Task.m in Sources */,
				1F9770171771A102004321FF /* Repeat+Additions.m in Sources */,
				1FA76E02177A8F5C0052F191 /* WelcomeViewController.m in Sources */,
				1FB496A1177BE8BF00934413 /* MySignUpViewController.m in Sources */,
				1F9435F1177D26B500C4E408 /* UserAccountViewController.m in Sources */,
				1F9435F8177D324900C4E408 /* ChangeEmailViewController.m in Sources */,
				1FB5923D17807B1B005FD134 /* UpgradeAccountViewController.m in Sources */,
			);
			runOnlyForDeploymentPostprocessing = 0;
		};
		1FA48ED31722416300D1AF30 /* Sources */ = {
			isa = PBXSourcesBuildPhase;
			buildActionMask = 2147483647;
			files = (
				1FA48EE81722416400D1AF30 /* AnyPlanTests.m in Sources */,
			);
			runOnlyForDeploymentPostprocessing = 0;
		};
/* End PBXSourcesBuildPhase section */

/* Begin PBXTargetDependency section */
		1FA48EDF1722416400D1AF30 /* PBXTargetDependency */ = {
			isa = PBXTargetDependency;
			target = 1FA48EA91722416100D1AF30 /* AnyPlan */;
			targetProxy = 1FA48EDE1722416400D1AF30 /* PBXContainerItemProxy */;
		};
/* End PBXTargetDependency section */

/* Begin PBXVariantGroup section */
		1F2223671726A93D0034CC80 /* Localizable.strings */ = {
			isa = PBXVariantGroup;
			children = (
				1F2223681726A9430034CC80 /* en */,
				1F2223691726A96C0034CC80 /* ja */,
			);
			name = Localizable.strings;
			sourceTree = "<group>";
		};
		1FA48EB81722416200D1AF30 /* InfoPlist.strings */ = {
			isa = PBXVariantGroup;
			children = (
				1FA48EB91722416200D1AF30 /* en */,
			);
			name = InfoPlist.strings;
			sourceTree = "<group>";
		};
		1FA48EC71722416200D1AF30 /* MainStoryboard.storyboard */ = {
			isa = PBXVariantGroup;
			children = (
				1FA48EC81722416200D1AF30 /* en */,
			);
			name = MainStoryboard.storyboard;
			sourceTree = "<group>";
		};
		1FA48EE31722416400D1AF30 /* InfoPlist.strings */ = {
			isa = PBXVariantGroup;
			children = (
				1FA48EE41722416400D1AF30 /* en */,
				1F2223641726A91E0034CC80 /* ja */,
			);
			name = InfoPlist.strings;
			sourceTree = "<group>";
		};
/* End PBXVariantGroup section */

/* Begin XCBuildConfiguration section */
		1FA48EE91722416400D1AF30 /* Debug */ = {
			isa = XCBuildConfiguration;
			buildSettings = {
				ALWAYS_SEARCH_USER_PATHS = NO;
				CLANG_CXX_LANGUAGE_STANDARD = "gnu++0x";
				CLANG_CXX_LIBRARY = "libc++";
				CLANG_ENABLE_OBJC_ARC = YES;
				CLANG_WARN_CONSTANT_CONVERSION = YES;
				CLANG_WARN_EMPTY_BODY = YES;
				CLANG_WARN_ENUM_CONVERSION = YES;
				CLANG_WARN_INT_CONVERSION = YES;
				CLANG_WARN__DUPLICATE_METHOD_MATCH = YES;
				"CODE_SIGN_IDENTITY[sdk=iphoneos*]" = "iPhone Developer";
				COPY_PHASE_STRIP = NO;
				GCC_C_LANGUAGE_STANDARD = gnu99;
				GCC_DYNAMIC_NO_PIC = NO;
				GCC_OPTIMIZATION_LEVEL = 0;
				GCC_PREPROCESSOR_DEFINITIONS = (
					"DEBUG=1",
					"$(inherited)",
				);
				GCC_SYMBOLS_PRIVATE_EXTERN = NO;
				GCC_WARN_ABOUT_RETURN_TYPE = YES;
				GCC_WARN_UNINITIALIZED_AUTOS = YES;
				GCC_WARN_UNUSED_VARIABLE = YES;
				IPHONEOS_DEPLOYMENT_TARGET = 6.0;
				ONLY_ACTIVE_ARCH = YES;
				SDKROOT = iphoneos;
			};
			name = Debug;
		};
		1FA48EEA1722416400D1AF30 /* Release */ = {
			isa = XCBuildConfiguration;
			buildSettings = {
				ALWAYS_SEARCH_USER_PATHS = NO;
				CLANG_CXX_LANGUAGE_STANDARD = "gnu++0x";
				CLANG_CXX_LIBRARY = "libc++";
				CLANG_ENABLE_OBJC_ARC = YES;
				CLANG_WARN_CONSTANT_CONVERSION = YES;
				CLANG_WARN_EMPTY_BODY = YES;
				CLANG_WARN_ENUM_CONVERSION = YES;
				CLANG_WARN_INT_CONVERSION = YES;
				CLANG_WARN__DUPLICATE_METHOD_MATCH = YES;
				"CODE_SIGN_IDENTITY[sdk=iphoneos*]" = "iPhone Developer";
				COPY_PHASE_STRIP = YES;
				GCC_C_LANGUAGE_STANDARD = gnu99;
				GCC_WARN_ABOUT_RETURN_TYPE = YES;
				GCC_WARN_UNINITIALIZED_AUTOS = YES;
				GCC_WARN_UNUSED_VARIABLE = YES;
				IPHONEOS_DEPLOYMENT_TARGET = 6.0;
				OTHER_CFLAGS = "-DNS_BLOCK_ASSERTIONS=1";
				SDKROOT = iphoneos;
				VALIDATE_PRODUCT = YES;
			};
			name = Release;
		};
		1FA48EEC1722416400D1AF30 /* Debug */ = {
			isa = XCBuildConfiguration;
			baseConfigurationReference = BFA7C88A3EF94D8EA2F0815F /* Pods.xcconfig */;
			buildSettings = {
				CODE_SIGN_IDENTITY = "iPhone Developer: Ken Tsutsumi (5TFUJSDX5M)";
				GCC_PRECOMPILE_PREFIX_HEADER = YES;
				GCC_PREFIX_HEADER = "AnyPlan/AnyPlan-Prefix.pch";
				INFOPLIST_FILE = "AnyPlan/AnyPlan-Info.plist";
				IPHONEOS_DEPLOYMENT_TARGET = 6.0;
				PRODUCT_NAME = "$(TARGET_NAME)";
				PROVISIONING_PROFILE = "AA0A7544-B29D-4703-98C8-AEF09042426C";
				WRAPPER_EXTENSION = app;
			};
			name = Debug;
		};
		1FA48EED1722416400D1AF30 /* Release */ = {
			isa = XCBuildConfiguration;
			baseConfigurationReference = BFA7C88A3EF94D8EA2F0815F /* Pods.xcconfig */;
			buildSettings = {
				CODE_SIGN_IDENTITY = "iPhone Distribution: Ken Tsutsumi (7W7BBEVAYM)";
				"CODE_SIGN_IDENTITY[sdk=iphoneos*]" = "iPhone Distribution: Ken Tsutsumi (7W7BBEVAYM)";
				GCC_PRECOMPILE_PREFIX_HEADER = YES;
				GCC_PREFIX_HEADER = "AnyPlan/AnyPlan-Prefix.pch";
				INFOPLIST_FILE = "AnyPlan/AnyPlan-Info.plist";
				IPHONEOS_DEPLOYMENT_TARGET = 6.0;
				PRODUCT_NAME = "$(TARGET_NAME)";
				PROVISIONING_PROFILE = "5C0BDC42-6436-4623-B276-4D41431E76A9";
				"PROVISIONING_PROFILE[sdk=iphoneos*]" = "5C0BDC42-6436-4623-B276-4D41431E76A9";
				WRAPPER_EXTENSION = app;
			};
			name = Release;
		};
		1FA48EEF1722416400D1AF30 /* Debug */ = {
			isa = XCBuildConfiguration;
			buildSettings = {
				BUNDLE_LOADER = "$(BUILT_PRODUCTS_DIR)/AnyPlan.app/AnyPlan";
				FRAMEWORK_SEARCH_PATHS = (
					"\"$(SDKROOT)/Developer/Library/Frameworks\"",
					"\"$(DEVELOPER_LIBRARY_DIR)/Frameworks\"",
				);
				GCC_PRECOMPILE_PREFIX_HEADER = YES;
				GCC_PREFIX_HEADER = "AnyPlan/AnyPlan-Prefix.pch";
				INFOPLIST_FILE = "AnyPlanTests/AnyPlanTests-Info.plist";
				PRODUCT_NAME = "$(TARGET_NAME)";
				TEST_HOST = "$(BUNDLE_LOADER)";
				WRAPPER_EXTENSION = octest;
			};
			name = Debug;
		};
		1FA48EF01722416400D1AF30 /* Release */ = {
			isa = XCBuildConfiguration;
			buildSettings = {
				BUNDLE_LOADER = "$(BUILT_PRODUCTS_DIR)/AnyPlan.app/AnyPlan";
				FRAMEWORK_SEARCH_PATHS = (
					"\"$(SDKROOT)/Developer/Library/Frameworks\"",
					"\"$(DEVELOPER_LIBRARY_DIR)/Frameworks\"",
				);
				GCC_PRECOMPILE_PREFIX_HEADER = YES;
				GCC_PREFIX_HEADER = "AnyPlan/AnyPlan-Prefix.pch";
				INFOPLIST_FILE = "AnyPlanTests/AnyPlanTests-Info.plist";
				PRODUCT_NAME = "$(TARGET_NAME)";
				TEST_HOST = "$(BUNDLE_LOADER)";
				WRAPPER_EXTENSION = octest;
			};
			name = Release;
		};
/* End XCBuildConfiguration section */

/* Begin XCConfigurationList section */
		1FA48EA51722416100D1AF30 /* Build configuration list for PBXProject "AnyPlan" */ = {
			isa = XCConfigurationList;
			buildConfigurations = (
				1FA48EE91722416400D1AF30 /* Debug */,
				1FA48EEA1722416400D1AF30 /* Release */,
			);
			defaultConfigurationIsVisible = 0;
			defaultConfigurationName = Release;
		};
		1FA48EEB1722416400D1AF30 /* Build configuration list for PBXNativeTarget "AnyPlan" */ = {
			isa = XCConfigurationList;
			buildConfigurations = (
				1FA48EEC1722416400D1AF30 /* Debug */,
				1FA48EED1722416400D1AF30 /* Release */,
			);
			defaultConfigurationIsVisible = 0;
			defaultConfigurationName = Release;
		};
		1FA48EEE1722416400D1AF30 /* Build configuration list for PBXNativeTarget "AnyPlanTests" */ = {
			isa = XCConfigurationList;
			buildConfigurations = (
				1FA48EEF1722416400D1AF30 /* Debug */,
				1FA48EF01722416400D1AF30 /* Release */,
			);
			defaultConfigurationIsVisible = 0;
			defaultConfigurationName = Release;
		};
/* End XCConfigurationList section */

/* Begin XCVersionGroup section */
		1FA48ECA1722416200D1AF30 /* AnyPlan.xcdatamodeld */ = {
			isa = XCVersionGroup;
			children = (
				1FA48ECB1722416200D1AF30 /* AnyPlan.xcdatamodel */,
			);
			currentVersion = 1FA48ECB1722416200D1AF30 /* AnyPlan.xcdatamodel */;
			path = AnyPlan.xcdatamodeld;
			sourceTree = "<group>";
			versionGroupType = wrapper.xcdatamodel;
		};
/* End XCVersionGroup section */
	};
	rootObject = 1FA48EA21722416100D1AF30 /* Project object */;
}
